// !$*UTF8*$!
{
	archiveVersion = 1;
	classes = {
	};
	objectVersion = 77;
	objects = {

/* Begin PBXContainerItemProxy section */
		1430A7F82CF4ADFC00BC0F6C /* PBXContainerItemProxy */ = {
			isa = PBXContainerItemProxy;
			containerPortal = 1430A7D92CF4ADFA00BC0F6C /* Project object */;
			proxyType = 1;
			remoteGlobalIDString = 1430A7E02CF4ADFA00BC0F6C;
			remoteInfo = sunnyDay;
		};
		1430A8022CF4ADFC00BC0F6C /* PBXContainerItemProxy */ = {
			isa = PBXContainerItemProxy;
			containerPortal = 1430A7D92CF4ADFA00BC0F6C /* Project object */;
			proxyType = 1;
			remoteGlobalIDString = 1430A7E02CF4ADFA00BC0F6C;
			remoteInfo = sunnyDay;
		};
/* End PBXContainerItemProxy section */

/* Begin PBXFileReference section */
		1430A7E12CF4ADFA00BC0F6C /* sunnyDay.app */ = {isa = PBXFileReference; explicitFileType = wrapper.application; includeInIndex = 0; path = sunnyDay.app; sourceTree = BUILT_PRODUCTS_DIR; };
		1430A7F72CF4ADFC00BC0F6C /* sunnyDayTests.xctest */ = {isa = PBXFileReference; explicitFileType = wrapper.cfbundle; includeInIndex = 0; path = sunnyDayTests.xctest; sourceTree = BUILT_PRODUCTS_DIR; };
		1430A8012CF4ADFC00BC0F6C /* sunnyDayUITests.xctest */ = {isa = PBXFileReference; explicitFileType = wrapper.cfbundle; includeInIndex = 0; path = sunnyDayUITests.xctest; sourceTree = BUILT_PRODUCTS_DIR; };
/* End PBXFileReference section */

/* Begin PBXFileSystemSynchronizedBuildFileExceptionSet section */
		1430A8092CF4ADFC00BC0F6C /* Exceptions for "sunnyDay" folder in "sunnyDay" target */ = {
			isa = PBXFileSystemSynchronizedBuildFileExceptionSet;
			membershipExceptions = (
				Info.plist,
			);
			target = 1430A7E02CF4ADFA00BC0F6C /* sunnyDay */;
		};
/* End PBXFileSystemSynchronizedBuildFileExceptionSet section */

/* Begin PBXFileSystemSynchronizedRootGroup section */
		1430A7E32CF4ADFA00BC0F6C /* sunnyDay */ = {
			isa = PBXFileSystemSynchronizedRootGroup;
			exceptions = (
				1430A8092CF4ADFC00BC0F6C /* Exceptions for "sunnyDay" folder in "sunnyDay" target */,
			);
			path = sunnyDay;
			sourceTree = "<group>";
		};
		1430A7FA2CF4ADFC00BC0F6C /* sunnyDayTests */ = {
			isa = PBXFileSystemSynchronizedRootGroup;
			path = sunnyDayTests;
			sourceTree = "<group>";
		};
		1430A8042CF4ADFC00BC0F6C /* sunnyDayUITests */ = {
			isa = PBXFileSystemSynchronizedRootGroup;
			path = sunnyDayUITests;
			sourceTree = "<group>";
		};
/* End PBXFileSystemSynchronizedRootGroup section */

/* Begin PBXFrameworksBuildPhase section */
		1430A7DE2CF4ADFA00BC0F6C /* Frameworks */ = {
			isa = PBXFrameworksBuildPhase;
			buildActionMask = 2147483647;
			files = (
			);
			runOnlyForDeploymentPostprocessing = 0;
		};
		1430A7F42CF4ADFC00BC0F6C /* Frameworks */ = {
			isa = PBXFrameworksBuildPhase;
			buildActionMask = 2147483647;
			files = (
			);
			runOnlyForDeploymentPostprocessing = 0;
		};
		1430A7FE2CF4ADFC00BC0F6C /* Frameworks */ = {
			isa = PBXFrameworksBuildPhase;
			buildActionMask = 2147483647;
			files = (
			);
			runOnlyForDeploymentPostprocessing = 0;
		};
/* End PBXFrameworksBuildPhase section */

/* Begin PBXGroup section */
		1430A7D82CF4ADFA00BC0F6C = {
			isa = PBXGroup;
			children = (
				1430A7E32CF4ADFA00BC0F6C /* sunnyDay */,
				1430A7FA2CF4ADFC00BC0F6C /* sunnyDayTests */,
				1430A8042CF4ADFC00BC0F6C /* sunnyDayUITests */,
				1430A7E22CF4ADFA00BC0F6C /* Products */,
			);
			sourceTree = "<group>";
		};
		1430A7E22CF4ADFA00BC0F6C /* Products */ = {
			isa = PBXGroup;
			children = (
				1430A7E12CF4ADFA00BC0F6C /* sunnyDay.app */,
				1430A7F72CF4ADFC00BC0F6C /* sunnyDayTests.xctest */,
				1430A8012CF4ADFC00BC0F6C /* sunnyDayUITests.xctest */,
			);
			name = Products;
			sourceTree = "<group>";
		};
/* End PBXGroup section */

/* Begin PBXNativeTarget section */
		1430A7E02CF4ADFA00BC0F6C /* sunnyDay */ = {
			isa = PBXNativeTarget;
			buildConfigurationList = 1430A80A2CF4ADFC00BC0F6C /* Build configuration list for PBXNativeTarget "sunnyDay" */;
			buildPhases = (
				1430A7DD2CF4ADFA00BC0F6C /* Sources */,
				1430A7DE2CF4ADFA00BC0F6C /* Frameworks */,
				1430A7DF2CF4ADFA00BC0F6C /* Resources */,
			);
			buildRules = (
			);
			dependencies = (
			);
			fileSystemSynchronizedGroups = (
				1430A7E32CF4ADFA00BC0F6C /* sunnyDay */,
			);
			name = sunnyDay;
			packageProductDependencies = (
			);
			productName = sunnyDay;
			productReference = 1430A7E12CF4ADFA00BC0F6C /* sunnyDay.app */;
			productType = "com.apple.product-type.application";
		};
		1430A7F62CF4ADFC00BC0F6C /* sunnyDayTests */ = {
			isa = PBXNativeTarget;
			buildConfigurationList = 1430A80F2CF4ADFC00BC0F6C /* Build configuration list for PBXNativeTarget "sunnyDayTests" */;
			buildPhases = (
				1430A7F32CF4ADFC00BC0F6C /* Sources */,
				1430A7F42CF4ADFC00BC0F6C /* Frameworks */,
				1430A7F52CF4ADFC00BC0F6C /* Resources */,
			);
			buildRules = (
			);
			dependencies = (
				1430A7F92CF4ADFC00BC0F6C /* PBXTargetDependency */,
			);
			fileSystemSynchronizedGroups = (
				1430A7FA2CF4ADFC00BC0F6C /* sunnyDayTests */,
			);
			name = sunnyDayTests;
			packageProductDependencies = (
			);
			productName = sunnyDayTests;
			productReference = 1430A7F72CF4ADFC00BC0F6C /* sunnyDayTests.xctest */;
			productType = "com.apple.product-type.bundle.unit-test";
		};
		1430A8002CF4ADFC00BC0F6C /* sunnyDayUITests */ = {
			isa = PBXNativeTarget;
			buildConfigurationList = 1430A8122CF4ADFC00BC0F6C /* Build configuration list for PBXNativeTarget "sunnyDayUITests" */;
			buildPhases = (
				1430A7FD2CF4ADFC00BC0F6C /* Sources */,
				1430A7FE2CF4ADFC00BC0F6C /* Frameworks */,
				1430A7FF2CF4ADFC00BC0F6C /* Resources */,
			);
			buildRules = (
			);
			dependencies = (
				1430A8032CF4ADFC00BC0F6C /* PBXTargetDependency */,
			);
			fileSystemSynchronizedGroups = (
				1430A8042CF4ADFC00BC0F6C /* sunnyDayUITests */,
			);
			name = sunnyDayUITests;
			packageProductDependencies = (
			);
			productName = sunnyDayUITests;
			productReference = 1430A8012CF4ADFC00BC0F6C /* sunnyDayUITests.xctest */;
			productType = "com.apple.product-type.bundle.ui-testing";
		};
/* End PBXNativeTarget section */

/* Begin PBXProject section */
		1430A7D92CF4ADFA00BC0F6C /* Project object */ = {
			isa = PBXProject;
			attributes = {
				BuildIndependentTargetsInParallel = 1;
				LastSwiftUpdateCheck = 1610;
				LastUpgradeCheck = 1610;
				TargetAttributes = {
					1430A7E02CF4ADFA00BC0F6C = {
						CreatedOnToolsVersion = 16.1;
					};
					1430A7F62CF4ADFC00BC0F6C = {
						CreatedOnToolsVersion = 16.1;
						TestTargetID = 1430A7E02CF4ADFA00BC0F6C;
					};
					1430A8002CF4ADFC00BC0F6C = {
						CreatedOnToolsVersion = 16.1;
						TestTargetID = 1430A7E02CF4ADFA00BC0F6C;
					};
				};
			};
			buildConfigurationList = 1430A7DC2CF4ADFA00BC0F6C /* Build configuration list for PBXProject "sunnyDay" */;
			developmentRegion = en;
			hasScannedForEncodings = 0;
			knownRegions = (
				en,
				Base,
			);
			mainGroup = 1430A7D82CF4ADFA00BC0F6C;
			minimizedProjectReferenceProxies = 1;
			preferredProjectObjectVersion = 77;
			productRefGroup = 1430A7E22CF4ADFA00BC0F6C /* Products */;
			projectDirPath = "";
			projectRoot = "";
			targets = (
				1430A7E02CF4ADFA00BC0F6C /* sunnyDay */,
				1430A7F62CF4ADFC00BC0F6C /* sunnyDayTests */,
				1430A8002CF4ADFC00BC0F6C /* sunnyDayUITests */,
			);
		};
/* End PBXProject section */

/* Begin PBXResourcesBuildPhase section */
		1430A7DF2CF4ADFA00BC0F6C /* Resources */ = {
			isa = PBXResourcesBuildPhase;
			buildActionMask = 2147483647;
			files = (
			);
			runOnlyForDeploymentPostprocessing = 0;
		};
		1430A7F52CF4ADFC00BC0F6C /* Resources */ = {
			isa = PBXResourcesBuildPhase;
			buildActionMask = 2147483647;
			files = (
			);
			runOnlyForDeploymentPostprocessing = 0;
		};
		1430A7FF2CF4ADFC00BC0F6C /* Resources */ = {
			isa = PBXResourcesBuildPhase;
			buildActionMask = 2147483647;
			files = (
			);
			runOnlyForDeploymentPostprocessing = 0;
		};
/* End PBXResourcesBuildPhase section */

/* Begin PBXSourcesBuildPhase section */
		1430A7DD2CF4ADFA00BC0F6C /* Sources */ = {
			isa = PBXSourcesBuildPhase;
			buildActionMask = 2147483647;
			files = (
			);
			runOnlyForDeploymentPostprocessing = 0;
		};
		1430A7F32CF4ADFC00BC0F6C /* Sources */ = {
			isa = PBXSourcesBuildPhase;
			buildActionMask = 2147483647;
			files = (
			);
			runOnlyForDeploymentPostprocessing = 0;
		};
		1430A7FD2CF4ADFC00BC0F6C /* Sources */ = {
			isa = PBXSourcesBuildPhase;
			buildActionMask = 2147483647;
			files = (
			);
			runOnlyForDeploymentPostprocessing = 0;
		};
/* End PBXSourcesBuildPhase section */

/* Begin PBXTargetDependency section */
		1430A7F92CF4ADFC00BC0F6C /* PBXTargetDependency */ = {
			isa = PBXTargetDependency;
			target = 1430A7E02CF4ADFA00BC0F6C /* sunnyDay */;
			targetProxy = 1430A7F82CF4ADFC00BC0F6C /* PBXContainerItemProxy */;
		};
		1430A8032CF4ADFC00BC0F6C /* PBXTargetDependency */ = {
			isa = PBXTargetDependency;
			target = 1430A7E02CF4ADFA00BC0F6C /* sunnyDay */;
			targetProxy = 1430A8022CF4ADFC00BC0F6C /* PBXContainerItemProxy */;
		};
/* End PBXTargetDependency section */

/* Begin XCBuildConfiguration section */
		1430A80B2CF4ADFC00BC0F6C /* Debug */ = {
			isa = XCBuildConfiguration;
			buildSettings = {
				ASSETCATALOG_COMPILER_APPICON_NAME = AppIcon;
				ASSETCATALOG_COMPILER_GLOBAL_ACCENT_COLOR_NAME = AccentColor;
				CODE_SIGN_STYLE = Automatic;
				CURRENT_PROJECT_VERSION = 1;
				DEVELOPMENT_TEAM = 362WZ4F2B3;
				GENERATE_INFOPLIST_FILE = YES;
				INFOPLIST_FILE = sunnyDay/Info.plist;
				INFOPLIST_KEY_UIApplicationSupportsIndirectInputEvents = YES;
				INFOPLIST_KEY_UILaunchStoryboardName = LaunchScreen;
				INFOPLIST_KEY_UIMainStoryboardFile = Main;
				INFOPLIST_KEY_UISupportedInterfaceOrientations_iPad = "UIInterfaceOrientationPortrait UIInterfaceOrientationPortraitUpsideDown UIInterfaceOrientationLandscapeLeft UIInterfaceOrientationLandscapeRight";
				INFOPLIST_KEY_UISupportedInterfaceOrientations_iPhone = "UIInterfaceOrientationPortrait UIInterfaceOrientationLandscapeLeft UIInterfaceOrientationLandscapeRight";
				LD_RUNPATH_SEARCH_PATHS = (
					"$(inherited)",
					"@executable_path/Frameworks",
				);
				MARKETING_VERSION = 1.0;
				PRODUCT_BUNDLE_IDENTIFIER = DK.sunnyDay;
				PRODUCT_NAME = "$(TARGET_NAME)";
				SWIFT_EMIT_LOC_STRINGS = YES;
				SWIFT_VERSION = 5.0;
				TARGETED_DEVICE_FAMILY = "1,2";
			};
			name = Debug;
		};
		1430A80C2CF4ADFC00BC0F6C /* Release */ = {
			isa = XCBuildConfiguration;
			buildSettings = {
				ASSETCATALOG_COMPILER_APPICON_NAME = AppIcon;
				ASSETCATALOG_COMPILER_GLOBAL_ACCENT_COLOR_NAME = AccentColor;
				CODE_SIGN_STYLE = Automatic;
				CURRENT_PROJECT_VERSION = 1;
				DEVELOPMENT_TEAM = 362WZ4F2B3;
				GENERATE_INFOPLIST_FILE = YES;
				INFOPLIST_FILE = sunnyDay/Info.plist;
				INFOPLIST_KEY_UIApplicationSupportsIndirectInputEvents = YES;
				INFOPLIST_KEY_UILaunchStoryboardName = LaunchScreen;
				INFOPLIST_KEY_UIMainStoryboardFile = Main;
				INFOPLIST_KEY_UISupportedInterfaceOrientations_iPad = "UIInterfaceOrientationPortrait UIInterfaceOrientationPortraitUpsideDown UIInterfaceOrientationLandscapeLeft UIInterfaceOrientationLandscapeRight";
				INFOPLIST_KEY_UISupportedInterfaceOrientations_iPhone = "UIInterfaceOrientationPortrait UIInterfaceOrientationLandscapeLeft UIInterfaceOrientationLandscapeRight";
				LD_RUNPATH_SEARCH_PATHS = (
					"$(inherited)",
					"@executable_path/Frameworks",
				);
				MARKETING_VERSION = 1.0;
				PRODUCT_BUNDLE_IDENTIFIER = DK.sunnyDay;
				PRODUCT_NAME = "$(TARGET_NAME)";
				SWIFT_EMIT_LOC_STRINGS = YES;
				SWIFT_VERSION = 5.0;
				TARGETED_DEVICE_FAMILY = "1,2";
			};
			name = Release;
		};
		1430A80D2CF4ADFC00BC0F6C /* Debug */ = {
			isa = XCBuildConfiguration;
			buildSettings = {
				ALWAYS_SEARCH_USER_PATHS = NO;
				ASSETCATALOG_COMPILER_GENERATE_SWIFT_ASSET_SYMBOL_EXTENSIONS = YES;
				CLANG_ANALYZER_NONNULL = YES;
				CLANG_ANALYZER_NUMBER_OBJECT_CONVERSION = YES_AGGRESSIVE;
				CLANG_CXX_LANGUAGE_STANDARD = "gnu++20";
				CLANG_ENABLE_MODULES = YES;
				CLANG_ENABLE_OBJC_ARC = YES;
				CLANG_ENABLE_OBJC_WEAK = YES;
				CLANG_WARN_BLOCK_CAPTURE_AUTORELEASING = YES;
				CLANG_WARN_BOOL_CONVERSION = YES;
				CLANG_WARN_COMMA = YES;
				CLANG_WARN_CONSTANT_CONVERSION = YES;
				CLANG_WARN_DEPRECATED_OBJC_IMPLEMENTATIONS = YES;
				CLANG_WARN_DIRECT_OBJC_ISA_USAGE = YES_ERROR;
				CLANG_WARN_DOCUMENTATION_COMMENTS = YES;
				CLANG_WARN_EMPTY_BODY = YES;
				CLANG_WARN_ENUM_CONVERSION = YES;
				CLANG_WARN_INFINITE_RECURSION = YES;
				CLANG_WARN_INT_CONVERSION = YES;
				CLANG_WARN_NON_LITERAL_NULL_CONVERSION = YES;
				CLANG_WARN_OBJC_IMPLICIT_RETAIN_SELF = YES;
				CLANG_WARN_OBJC_LITERAL_CONVERSION = YES;
				CLANG_WARN_OBJC_ROOT_CLASS = YES_ERROR;
				CLANG_WARN_QUOTED_INCLUDE_IN_FRAMEWORK_HEADER = YES;
				CLANG_WARN_RANGE_LOOP_ANALYSIS = YES;
				CLANG_WARN_STRICT_PROTOTYPES = YES;
				CLANG_WARN_SUSPICIOUS_MOVE = YES;
				CLANG_WARN_UNGUARDED_AVAILABILITY = YES_AGGRESSIVE;
				CLANG_WARN_UNREACHABLE_CODE = YES;
				CLANG_WARN__DUPLICATE_METHOD_MATCH = YES;
				COPY_PHASE_STRIP = NO;
				DEBUG_INFORMATION_FORMAT = dwarf;
				ENABLE_STRICT_OBJC_MSGSEND = YES;
				ENABLE_TESTABILITY = YES;
				ENABLE_USER_SCRIPT_SANDBOXING = YES;
				GCC_C_LANGUAGE_STANDARD = gnu17;
				GCC_DYNAMIC_NO_PIC = NO;
				GCC_NO_COMMON_BLOCKS = YES;
				GCC_OPTIMIZATION_LEVEL = 0;
				GCC_PREPROCESSOR_DEFINITIONS = (
					"DEBUG=1",
					"$(inherited)",
				);
				GCC_WARN_64_TO_32_BIT_CONVERSION = YES;
				GCC_WARN_ABOUT_RETURN_TYPE = YES_ERROR;
				GCC_WARN_UNDECLARED_SELECTOR = YES;
				GCC_WARN_UNINITIALIZED_AUTOS = YES_AGGRESSIVE;
				GCC_WARN_UNUSED_FUNCTION = YES;
				GCC_WARN_UNUSED_VARIABLE = YES;
				IPHONEOS_DEPLOYMENT_TARGET = 18.1;
				LOCALIZATION_PREFERS_STRING_CATALOGS = YES;
				MTL_ENABLE_DEBUG_INFO = INCLUDE_SOURCE;
				MTL_FAST_MATH = YES;
				ONLY_ACTIVE_ARCH = YES;
				SDKROOT = iphoneos;
				SWIFT_ACTIVE_COMPILATION_CONDITIONS = "DEBUG $(inherited)";
				SWIFT_OPTIMIZATION_LEVEL = "-Onone";
			};
			name = Debug;
		};
		1430A80E2CF4ADFC00BC0F6C /* Release */ = {
			isa = XCBuildConfiguration;
			buildSettings = {
				ALWAYS_SEARCH_USER_PATHS = NO;
				ASSETCATALOG_COMPILER_GENERATE_SWIFT_ASSET_SYMBOL_EXTENSIONS = YES;
				CLANG_ANALYZER_NONNULL = YES;
				CLANG_ANALYZER_NUMBER_OBJECT_CONVERSION = YES_AGGRESSIVE;
				CLANG_CXX_LANGUAGE_STANDARD = "gnu++20";
				CLANG_ENABLE_MODULES = YES;
				CLANG_ENABLE_OBJC_ARC = YES;
				CLANG_ENABLE_OBJC_WEAK = YES;
				CLANG_WARN_BLOCK_CAPTURE_AUTORELEASING = YES;
				CLANG_WARN_BOOL_CONVERSION = YES;
				CLANG_WARN_COMMA = YES;
				CLANG_WARN_CONSTANT_CONVERSION = YES;
				CLANG_WARN_DEPRECATED_OBJC_IMPLEMENTATIONS = YES;
				CLANG_WARN_DIRECT_OBJC_ISA_USAGE = YES_ERROR;
				CLANG_WARN_DOCUMENTATION_COMMENTS = YES;
				CLANG_WARN_EMPTY_BODY = YES;
				CLANG_WARN_ENUM_CONVERSION = YES;
				CLANG_WARN_INFINITE_RECURSION = YES;
				CLANG_WARN_INT_CONVERSION = YES;
				CLANG_WARN_NON_LITERAL_NULL_CONVERSION = YES;
				CLANG_WARN_OBJC_IMPLICIT_RETAIN_SELF = YES;
				CLANG_WARN_OBJC_LITERAL_CONVERSION = YES;
				CLANG_WARN_OBJC_ROOT_CLASS = YES_ERROR;
				CLANG_WARN_QUOTED_INCLUDE_IN_FRAMEWORK_HEADER = YES;
				CLANG_WARN_RANGE_LOOP_ANALYSIS = YES;
				CLANG_WARN_STRICT_PROTOTYPES = YES;
				CLANG_WARN_SUSPICIOUS_MOVE = YES;
				CLANG_WARN_UNGUARDED_AVAILABILITY = YES_AGGRESSIVE;
				CLANG_WARN_UNREACHABLE_CODE = YES;
				CLANG_WARN__DUPLICATE_METHOD_MATCH = YES;
				COPY_PHASE_STRIP = NO;
				DEBUG_INFORMATION_FORMAT = "dwarf-with-dsym";
				ENABLE_NS_ASSERTIONS = NO;
				ENABLE_STRICT_OBJC_MSGSEND = YES;
				ENABLE_USER_SCRIPT_SANDBOXING = YES;
				GCC_C_LANGUAGE_STANDARD = gnu17;
				GCC_NO_COMMON_BLOCKS = YES;
				GCC_WARN_64_TO_32_BIT_CONVERSION = YES;
				GCC_WARN_ABOUT_RETURN_TYPE = YES_ERROR;
				GCC_WARN_UNDECLARED_SELECTOR = YES;
				GCC_WARN_UNINITIALIZED_AUTOS = YES_AGGRESSIVE;
				GCC_WARN_UNUSED_FUNCTION = YES;
				GCC_WARN_UNUSED_VARIABLE = YES;
				IPHONEOS_DEPLOYMENT_TARGET = 18.1;
				LOCALIZATION_PREFERS_STRING_CATALOGS = YES;
				MTL_ENABLE_DEBUG_INFO = NO;
				MTL_FAST_MATH = YES;
				SDKROOT = iphoneos;
				SWIFT_COMPILATION_MODE = wholemodule;
				VALIDATE_PRODUCT = YES;
			};
			name = Release;
		};
		1430A8102CF4ADFC00BC0F6C /* Debug */ = {
			isa = XCBuildConfiguration;
			buildSettings = {
				BUNDLE_LOADER = "$(TEST_HOST)";
				CODE_SIGN_STYLE = Automatic;
				CURRENT_PROJECT_VERSION = 1;
				DEVELOPMENT_TEAM = 362WZ4F2B3;
				GENERATE_INFOPLIST_FILE = YES;
				IPHONEOS_DEPLOYMENT_TARGET = 18.1;
				MARKETING_VERSION = 1.0;
				PRODUCT_BUNDLE_IDENTIFIER = DK.sunnyDayTests;
				PRODUCT_NAME = "$(TARGET_NAME)";
				SWIFT_EMIT_LOC_STRINGS = NO;
				SWIFT_VERSION = 5.0;
				TARGETED_DEVICE_FAMILY = "1,2";
				TEST_HOST = "$(BUILT_PRODUCTS_DIR)/sunnyDay.app/$(BUNDLE_EXECUTABLE_FOLDER_PATH)/sunnyDay";
			};
			name = Debug;
		};
		1430A8112CF4ADFC00BC0F6C /* Release */ = {
			isa = XCBuildConfiguration;
			buildSettings = {
				BUNDLE_LOADER = "$(TEST_HOST)";
				CODE_SIGN_STYLE = Automatic;
				CURRENT_PROJECT_VERSION = 1;
				DEVELOPMENT_TEAM = 362WZ4F2B3;
				GENERATE_INFOPLIST_FILE = YES;
				IPHONEOS_DEPLOYMENT_TARGET = 18.1;
				MARKETING_VERSION = 1.0;
				PRODUCT_BUNDLE_IDENTIFIER = DK.sunnyDayTests;
				PRODUCT_NAME = "$(TARGET_NAME)";
				SWIFT_EMIT_LOC_STRINGS = NO;
				SWIFT_VERSION = 5.0;
				TARGETED_DEVICE_FAMILY = "1,2";
				TEST_HOST = "$(BUILT_PRODUCTS_DIR)/sunnyDay.app/$(BUNDLE_EXECUTABLE_FOLDER_PATH)/sunnyDay";
			};
			name = Release;
		};
		1430A8132CF4ADFC00BC0F6C /* Debug */ = {
			isa = XCBuildConfiguration;
			buildSettings = {
				CODE_SIGN_STYLE = Automatic;
				CURRENT_PROJECT_VERSION = 1;
				DEVELOPMENT_TEAM = 362WZ4F2B3;
				GENERATE_INFOPLIST_FILE = YES;
				MARKETING_VERSION = 1.0;
				PRODUCT_BUNDLE_IDENTIFIER = DK.sunnyDayUITests;
				PRODUCT_NAME = "$(TARGET_NAME)";
				SWIFT_EMIT_LOC_STRINGS = NO;
				SWIFT_VERSION = 5.0;
				TARGETED_DEVICE_FAMILY = "1,2";
				TEST_TARGET_NAME = sunnyDay;
			};
			name = Debug;
		};
		1430A8142CF4ADFC00BC0F6C /* Release */ = {
			isa = XCBuildConfiguration;
			buildSettings = {
				CODE_SIGN_STYLE = Automatic;
				CURRENT_PROJECT_VERSION = 1;
				DEVELOPMENT_TEAM = 362WZ4F2B3;
				GENERATE_INFOPLIST_FILE = YES;
				MARKETING_VERSION = 1.0;
				PRODUCT_BUNDLE_IDENTIFIER = DK.sunnyDayUITests;
				PRODUCT_NAME = "$(TARGET_NAME)";
				SWIFT_EMIT_LOC_STRINGS = NO;
				SWIFT_VERSION = 5.0;
				TARGETED_DEVICE_FAMILY = "1,2";
				TEST_TARGET_NAME = sunnyDay;
			};
			name = Release;
		};
/* End XCBuildConfiguration section */

/* Begin XCConfigurationList section */
		1430A7DC2CF4ADFA00BC0F6C /* Build configuration list for PBXProject "sunnyDay" */ = {
			isa = XCConfigurationList;
			buildConfigurations = (
				1430A80D2CF4ADFC00BC0F6C /* Debug */,
				1430A80E2CF4ADFC00BC0F6C /* Release */,
			);
			defaultConfigurationIsVisible = 0;
			defaultConfigurationName = Release;
		};
		1430A80A2CF4ADFC00BC0F6C /* Build configuration list for PBXNativeTarget "sunnyDay" */ = {
			isa = XCConfigurationList;
			buildConfigurations = (
				1430A80B2CF4ADFC00BC0F6C /* Debug */,
				1430A80C2CF4ADFC00BC0F6C /* Release */,
			);
			defaultConfigurationIsVisible = 0;
			defaultConfigurationName = Release;
		};
		1430A80F2CF4ADFC00BC0F6C /* Build configuration list for PBXNativeTarget "sunnyDayTests" */ = {
			isa = XCConfigurationList;
			buildConfigurations = (
				1430A8102CF4ADFC00BC0F6C /* Debug */,
				1430A8112CF4ADFC00BC0F6C /* Release */,
			);
			defaultConfigurationIsVisible = 0;
			defaultConfigurationName = Release;
		};
		1430A8122CF4ADFC00BC0F6C /* Build configuration list for PBXNativeTarget "sunnyDayUITests" */ = {
			isa = XCConfigurationList;
			buildConfigurations = (
				1430A8132CF4ADFC00BC0F6C /* Debug */,
				1430A8142CF4ADFC00BC0F6C /* Release */,
			);
			defaultConfigurationIsVisible = 0;
			defaultConfigurationName = Release;
		};
/* End XCConfigurationList section */
	};
	rootObject = 1430A7D92CF4ADFA00BC0F6C /* Project object */;
}
