// !$*UTF8*$!
{
	archiveVersion = 1;
	classes = {
	};
	objectVersion = 77;
	objects = {

/* Begin PBXContainerItemProxy section */
		14AB42692D17BEB300D85395 /* PBXContainerItemProxy */ = {
			isa = PBXContainerItemProxy;
			containerPortal = 14AB424A2D17BEB100D85395 /* Project object */;
			proxyType = 1;
			remoteGlobalIDString = 14AB42512D17BEB100D85395;
			remoteInfo = SimpleList2;
		};
		14AB42732D17BEB300D85395 /* PBXContainerItemProxy */ = {
			isa = PBXContainerItemProxy;
			containerPortal = 14AB424A2D17BEB100D85395 /* Project object */;
			proxyType = 1;
			remoteGlobalIDString = 14AB42512D17BEB100D85395;
			remoteInfo = SimpleList2;
		};
/* End PBXContainerItemProxy section */

/* Begin PBXFileReference section */
		14AB42522D17BEB100D85395 /* SimpleList2.app */ = {isa = PBXFileReference; explicitFileType = wrapper.application; includeInIndex = 0; path = SimpleList2.app; sourceTree = BUILT_PRODUCTS_DIR; };
		14AB42682D17BEB300D85395 /* SimpleList2Tests.xctest */ = {isa = PBXFileReference; explicitFileType = wrapper.cfbundle; includeInIndex = 0; path = SimpleList2Tests.xctest; sourceTree = BUILT_PRODUCTS_DIR; };
		14AB42722D17BEB300D85395 /* SimpleList2UITests.xctest */ = {isa = PBXFileReference; explicitFileType = wrapper.cfbundle; includeInIndex = 0; path = SimpleList2UITests.xctest; sourceTree = BUILT_PRODUCTS_DIR; };
/* End PBXFileReference section */

/* Begin PBXFileSystemSynchronizedBuildFileExceptionSet section */
		14AB427A2D17BEB300D85395 /* Exceptions for "SimpleList2" folder in "SimpleList2" target */ = {
			isa = PBXFileSystemSynchronizedBuildFileExceptionSet;
			membershipExceptions = (
				Info.plist,
			);
			target = 14AB42512D17BEB100D85395 /* SimpleList2 */;
		};
/* End PBXFileSystemSynchronizedBuildFileExceptionSet section */

/* Begin PBXFileSystemSynchronizedRootGroup section */
		14AB42542D17BEB100D85395 /* SimpleList2 */ = {
			isa = PBXFileSystemSynchronizedRootGroup;
			exceptions = (
				14AB427A2D17BEB300D85395 /* Exceptions for "SimpleList2" folder in "SimpleList2" target */,
			);
			path = SimpleList2;
			sourceTree = "<group>";
		};
		14AB426B2D17BEB300D85395 /* SimpleList2Tests */ = {
			isa = PBXFileSystemSynchronizedRootGroup;
			path = SimpleList2Tests;
			sourceTree = "<group>";
		};
		14AB42752D17BEB300D85395 /* SimpleList2UITests */ = {
			isa = PBXFileSystemSynchronizedRootGroup;
			path = SimpleList2UITests;
			sourceTree = "<group>";
		};
/* End PBXFileSystemSynchronizedRootGroup section */

/* Begin PBXFrameworksBuildPhase section */
		14AB424F2D17BEB100D85395 /* Frameworks */ = {
			isa = PBXFrameworksBuildPhase;
			buildActionMask = 2147483647;
			files = (
			);
			runOnlyForDeploymentPostprocessing = 0;
		};
		14AB42652D17BEB300D85395 /* Frameworks */ = {
			isa = PBXFrameworksBuildPhase;
			buildActionMask = 2147483647;
			files = (
			);
			runOnlyForDeploymentPostprocessing = 0;
		};
		14AB426F2D17BEB300D85395 /* Frameworks */ = {
			isa = PBXFrameworksBuildPhase;
			buildActionMask = 2147483647;
			files = (
			);
			runOnlyForDeploymentPostprocessing = 0;
		};
/* End PBXFrameworksBuildPhase section */

/* Begin PBXGroup section */
		14AB42492D17BEB100D85395 = {
			isa = PBXGroup;
			children = (
				14AB42542D17BEB100D85395 /* SimpleList2 */,
				14AB426B2D17BEB300D85395 /* SimpleList2Tests */,
				14AB42752D17BEB300D85395 /* SimpleList2UITests */,
				14AB42532D17BEB100D85395 /* Products */,
			);
			sourceTree = "<group>";
		};
		14AB42532D17BEB100D85395 /* Products */ = {
			isa = PBXGroup;
			children = (
				14AB42522D17BEB100D85395 /* SimpleList2.app */,
				14AB42682D17BEB300D85395 /* SimpleList2Tests.xctest */,
				14AB42722D17BEB300D85395 /* SimpleList2UITests.xctest */,
			);
			name = Products;
			sourceTree = "<group>";
		};
/* End PBXGroup section */

/* Begin PBXNativeTarget section */
		14AB42512D17BEB100D85395 /* SimpleList2 */ = {
			isa = PBXNativeTarget;
			buildConfigurationList = 14AB427B2D17BEB300D85395 /* Build configuration list for PBXNativeTarget "SimpleList2" */;
			buildPhases = (
				14AB424E2D17BEB100D85395 /* Sources */,
				14AB424F2D17BEB100D85395 /* Frameworks */,
				14AB42502D17BEB100D85395 /* Resources */,
			);
			buildRules = (
			);
			dependencies = (
			);
			fileSystemSynchronizedGroups = (
				14AB42542D17BEB100D85395 /* SimpleList2 */,
			);
			name = SimpleList2;
			packageProductDependencies = (
			);
			productName = SimpleList2;
			productReference = 14AB42522D17BEB100D85395 /* SimpleList2.app */;
			productType = "com.apple.product-type.application";
		};
		14AB42672D17BEB300D85395 /* SimpleList2Tests */ = {
			isa = PBXNativeTarget;
			buildConfigurationList = 14AB42802D17BEB300D85395 /* Build configuration list for PBXNativeTarget "SimpleList2Tests" */;
			buildPhases = (
				14AB42642D17BEB300D85395 /* Sources */,
				14AB42652D17BEB300D85395 /* Frameworks */,
				14AB42662D17BEB300D85395 /* Resources */,
			);
			buildRules = (
			);
			dependencies = (
				14AB426A2D17BEB300D85395 /* PBXTargetDependency */,
			);
			fileSystemSynchronizedGroups = (
				14AB426B2D17BEB300D85395 /* SimpleList2Tests */,
			);
			name = SimpleList2Tests;
			packageProductDependencies = (
			);
			productName = SimpleList2Tests;
			productReference = 14AB42682D17BEB300D85395 /* SimpleList2Tests.xctest */;
			productType = "com.apple.product-type.bundle.unit-test";
		};
		14AB42712D17BEB300D85395 /* SimpleList2UITests */ = {
			isa = PBXNativeTarget;
			buildConfigurationList = 14AB42832D17BEB300D85395 /* Build configuration list for PBXNativeTarget "SimpleList2UITests" */;
			buildPhases = (
				14AB426E2D17BEB300D85395 /* Sources */,
				14AB426F2D17BEB300D85395 /* Frameworks */,
				14AB42702D17BEB300D85395 /* Resources */,
			);
			buildRules = (
			);
			dependencies = (
				14AB42742D17BEB300D85395 /* PBXTargetDependency */,
			);
			fileSystemSynchronizedGroups = (
				14AB42752D17BEB300D85395 /* SimpleList2UITests */,
			);
			name = SimpleList2UITests;
			packageProductDependencies = (
			);
			productName = SimpleList2UITests;
			productReference = 14AB42722D17BEB300D85395 /* SimpleList2UITests.xctest */;
			productType = "com.apple.product-type.bundle.ui-testing";
		};
/* End PBXNativeTarget section */

/* Begin PBXProject section */
		14AB424A2D17BEB100D85395 /* Project object */ = {
			isa = PBXProject;
			attributes = {
				BuildIndependentTargetsInParallel = 1;
				LastSwiftUpdateCheck = 1620;
				LastUpgradeCheck = 1620;
				TargetAttributes = {
					14AB42512D17BEB100D85395 = {
						CreatedOnToolsVersion = 16.2;
					};
					14AB42672D17BEB300D85395 = {
						CreatedOnToolsVersion = 16.2;
						TestTargetID = 14AB42512D17BEB100D85395;
					};
					14AB42712D17BEB300D85395 = {
						CreatedOnToolsVersion = 16.2;
						TestTargetID = 14AB42512D17BEB100D85395;
					};
				};
			};
			buildConfigurationList = 14AB424D2D17BEB100D85395 /* Build configuration list for PBXProject "SimpleList2" */;
			developmentRegion = en;
			hasScannedForEncodings = 0;
			knownRegions = (
				en,
				Base,
			);
			mainGroup = 14AB42492D17BEB100D85395;
			minimizedProjectReferenceProxies = 1;
			preferredProjectObjectVersion = 77;
			productRefGroup = 14AB42532D17BEB100D85395 /* Products */;
			projectDirPath = "";
			projectRoot = "";
			targets = (
				14AB42512D17BEB100D85395 /* SimpleList2 */,
				14AB42672D17BEB300D85395 /* SimpleList2Tests */,
				14AB42712D17BEB300D85395 /* SimpleList2UITests */,
			);
		};
/* End PBXProject section */

/* Begin PBXResourcesBuildPhase section */
		14AB42502D17BEB100D85395 /* Resources */ = {
			isa = PBXResourcesBuildPhase;
			buildActionMask = 2147483647;
			files = (
			);
			runOnlyForDeploymentPostprocessing = 0;
		};
		14AB42662D17BEB300D85395 /* Resources */ = {
			isa = PBXResourcesBuildPhase;
			buildActionMask = 2147483647;
			files = (
			);
			runOnlyForDeploymentPostprocessing = 0;
		};
		14AB42702D17BEB300D85395 /* Resources */ = {
			isa = PBXResourcesBuildPhase;
			buildActionMask = 2147483647;
			files = (
			);
			runOnlyForDeploymentPostprocessing = 0;
		};
/* End PBXResourcesBuildPhase section */

/* Begin PBXSourcesBuildPhase section */
		14AB424E2D17BEB100D85395 /* Sources */ = {
			isa = PBXSourcesBuildPhase;
			buildActionMask = 2147483647;
			files = (
			);
			runOnlyForDeploymentPostprocessing = 0;
		};
		14AB42642D17BEB300D85395 /* Sources */ = {
			isa = PBXSourcesBuildPhase;
			buildActionMask = 2147483647;
			files = (
			);
			runOnlyForDeploymentPostprocessing = 0;
		};
		14AB426E2D17BEB300D85395 /* Sources */ = {
			isa = PBXSourcesBuildPhase;
			buildActionMask = 2147483647;
			files = (
			);
			runOnlyForDeploymentPostprocessing = 0;
		};
/* End PBXSourcesBuildPhase section */

/* Begin PBXTargetDependency section */
		14AB426A2D17BEB300D85395 /* PBXTargetDependency */ = {
			isa = PBXTargetDependency;
			target = 14AB42512D17BEB100D85395 /* SimpleList2 */;
			targetProxy = 14AB42692D17BEB300D85395 /* PBXContainerItemProxy */;
		};
		14AB42742D17BEB300D85395 /* PBXTargetDependency */ = {
			isa = PBXTargetDependency;
			target = 14AB42512D17BEB100D85395 /* SimpleList2 */;
			targetProxy = 14AB42732D17BEB300D85395 /* PBXContainerItemProxy */;
		};
/* End PBXTargetDependency section */

/* Begin XCBuildConfiguration section */
		14AB427C2D17BEB300D85395 /* Debug */ = {
			isa = XCBuildConfiguration;
			buildSettings = {
				ASSETCATALOG_COMPILER_APPICON_NAME = AppIcon;
				ASSETCATALOG_COMPILER_GLOBAL_ACCENT_COLOR_NAME = AccentColor;
				CODE_SIGN_STYLE = Automatic;
				CURRENT_PROJECT_VERSION = 1;
				DEVELOPMENT_TEAM = 362WZ4F2B3;
				GENERATE_INFOPLIST_FILE = YES;
				INFOPLIST_FILE = SimpleList2/Info.plist;
				INFOPLIST_KEY_UIApplicationSupportsIndirectInputEvents = YES;
				INFOPLIST_KEY_UILaunchStoryboardName = LaunchScreen;
				INFOPLIST_KEY_UIMainStoryboardFile = Main;
				INFOPLIST_KEY_UISupportedInterfaceOrientations_iPad = "UIInterfaceOrientationPortrait UIInterfaceOrientationPortraitUpsideDown UIInterfaceOrientationLandscapeLeft UIInterfaceOrientationLandscapeRight";
				INFOPLIST_KEY_UISupportedInterfaceOrientations_iPhone = "UIInterfaceOrientationPortrait UIInterfaceOrientationLandscapeLeft UIInterfaceOrientationLandscapeRight";
				IPHONEOS_DEPLOYMENT_TARGET = 16.6;
				LD_RUNPATH_SEARCH_PATHS = (
					"$(inherited)",
					"@executable_path/Frameworks",
				);
				MARKETING_VERSION = 1.0;
				PRODUCT_BUNDLE_IDENTIFIER = DK.SimpleList2;
				PRODUCT_NAME = "$(TARGET_NAME)";
				SWIFT_EMIT_LOC_STRINGS = YES;
				SWIFT_VERSION = 5.0;
				TARGETED_DEVICE_FAMILY = "1,2";
			};
			name = Debug;
		};
		14AB427D2D17BEB300D85395 /* Release */ = {
			isa = XCBuildConfiguration;
			buildSettings = {
				ASSETCATALOG_COMPILER_APPICON_NAME = AppIcon;
				ASSETCATALOG_COMPILER_GLOBAL_ACCENT_COLOR_NAME = AccentColor;
				CODE_SIGN_STYLE = Automatic;
				CURRENT_PROJECT_VERSION = 1;
				DEVELOPMENT_TEAM = 362WZ4F2B3;
				GENERATE_INFOPLIST_FILE = YES;
				INFOPLIST_FILE = SimpleList2/Info.plist;
				INFOPLIST_KEY_UIApplicationSupportsIndirectInputEvents = YES;
				INFOPLIST_KEY_UILaunchStoryboardName = LaunchScreen;
				INFOPLIST_KEY_UIMainStoryboardFile = Main;
				INFOPLIST_KEY_UISupportedInterfaceOrientations_iPad = "UIInterfaceOrientationPortrait UIInterfaceOrientationPortraitUpsideDown UIInterfaceOrientationLandscapeLeft UIInterfaceOrientationLandscapeRight";
				INFOPLIST_KEY_UISupportedInterfaceOrientations_iPhone = "UIInterfaceOrientationPortrait UIInterfaceOrientationLandscapeLeft UIInterfaceOrientationLandscapeRight";
				IPHONEOS_DEPLOYMENT_TARGET = 16.6;
				LD_RUNPATH_SEARCH_PATHS = (
					"$(inherited)",
					"@executable_path/Frameworks",
				);
				MARKETING_VERSION = 1.0;
				PRODUCT_BUNDLE_IDENTIFIER = DK.SimpleList2;
				PRODUCT_NAME = "$(TARGET_NAME)";
				SWIFT_EMIT_LOC_STRINGS = YES;
				SWIFT_VERSION = 5.0;
				TARGETED_DEVICE_FAMILY = "1,2";
			};
			name = Release;
		};
		14AB427E2D17BEB300D85395 /* Debug */ = {
			isa = XCBuildConfiguration;
			buildSettings = {
				ALWAYS_SEARCH_USER_PATHS = NO;
				ASSETCATALOG_COMPILER_GENERATE_SWIFT_ASSET_SYMBOL_EXTENSIONS = YES;
				CLANG_ANALYZER_NONNULL = YES;
				CLANG_ANALYZER_NUMBER_OBJECT_CONVERSION = YES_AGGRESSIVE;
				CLANG_CXX_LANGUAGE_STANDARD = "gnu++20";
				CLANG_ENABLE_MODULES = YES;
				CLANG_ENABLE_OBJC_ARC = YES;
				CLANG_ENABLE_OBJC_WEAK = YES;
				CLANG_WARN_BLOCK_CAPTURE_AUTORELEASING = YES;
				CLANG_WARN_BOOL_CONVERSION = YES;
				CLANG_WARN_COMMA = YES;
				CLANG_WARN_CONSTANT_CONVERSION = YES;
				CLANG_WARN_DEPRECATED_OBJC_IMPLEMENTATIONS = YES;
				CLANG_WARN_DIRECT_OBJC_ISA_USAGE = YES_ERROR;
				CLANG_WARN_DOCUMENTATION_COMMENTS = YES;
				CLANG_WARN_EMPTY_BODY = YES;
				CLANG_WARN_ENUM_CONVERSION = YES;
				CLANG_WARN_INFINITE_RECURSION = YES;
				CLANG_WARN_INT_CONVERSION = YES;
				CLANG_WARN_NON_LITERAL_NULL_CONVERSION = YES;
				CLANG_WARN_OBJC_IMPLICIT_RETAIN_SELF = YES;
				CLANG_WARN_OBJC_LITERAL_CONVERSION = YES;
				CLANG_WARN_OBJC_ROOT_CLASS = YES_ERROR;
				CLANG_WARN_QUOTED_INCLUDE_IN_FRAMEWORK_HEADER = YES;
				CLANG_WARN_RANGE_LOOP_ANALYSIS = YES;
				CLANG_WARN_STRICT_PROTOTYPES = YES;
				CLANG_WARN_SUSPICIOUS_MOVE = YES;
				CLANG_WARN_UNGUARDED_AVAILABILITY = YES_AGGRESSIVE;
				CLANG_WARN_UNREACHABLE_CODE = YES;
				CLANG_WARN__DUPLICATE_METHOD_MATCH = YES;
				COPY_PHASE_STRIP = NO;
				DEBUG_INFORMATION_FORMAT = dwarf;
				ENABLE_STRICT_OBJC_MSGSEND = YES;
				ENABLE_TESTABILITY = YES;
				ENABLE_USER_SCRIPT_SANDBOXING = YES;
				GCC_C_LANGUAGE_STANDARD = gnu17;
				GCC_DYNAMIC_NO_PIC = NO;
				GCC_NO_COMMON_BLOCKS = YES;
				GCC_OPTIMIZATION_LEVEL = 0;
				GCC_PREPROCESSOR_DEFINITIONS = (
					"DEBUG=1",
					"$(inherited)",
				);
				GCC_WARN_64_TO_32_BIT_CONVERSION = YES;
				GCC_WARN_ABOUT_RETURN_TYPE = YES_ERROR;
				GCC_WARN_UNDECLARED_SELECTOR = YES;
				GCC_WARN_UNINITIALIZED_AUTOS = YES_AGGRESSIVE;
				GCC_WARN_UNUSED_FUNCTION = YES;
				GCC_WARN_UNUSED_VARIABLE = YES;
				IPHONEOS_DEPLOYMENT_TARGET = 18.2;
				LOCALIZATION_PREFERS_STRING_CATALOGS = YES;
				MTL_ENABLE_DEBUG_INFO = INCLUDE_SOURCE;
				MTL_FAST_MATH = YES;
				ONLY_ACTIVE_ARCH = YES;
				SDKROOT = iphoneos;
				SWIFT_ACTIVE_COMPILATION_CONDITIONS = "DEBUG $(inherited)";
				SWIFT_OPTIMIZATION_LEVEL = "-Onone";
			};
			name = Debug;
		};
		14AB427F2D17BEB300D85395 /* Release */ = {
			isa = XCBuildConfiguration;
			buildSettings = {
				ALWAYS_SEARCH_USER_PATHS = NO;
				ASSETCATALOG_COMPILER_GENERATE_SWIFT_ASSET_SYMBOL_EXTENSIONS = YES;
				CLANG_ANALYZER_NONNULL = YES;
				CLANG_ANALYZER_NUMBER_OBJECT_CONVERSION = YES_AGGRESSIVE;
				CLANG_CXX_LANGUAGE_STANDARD = "gnu++20";
				CLANG_ENABLE_MODULES = YES;
				CLANG_ENABLE_OBJC_ARC = YES;
				CLANG_ENABLE_OBJC_WEAK = YES;
				CLANG_WARN_BLOCK_CAPTURE_AUTORELEASING = YES;
				CLANG_WARN_BOOL_CONVERSION = YES;
				CLANG_WARN_COMMA = YES;
				CLANG_WARN_CONSTANT_CONVERSION = YES;
				CLANG_WARN_DEPRECATED_OBJC_IMPLEMENTATIONS = YES;
				CLANG_WARN_DIRECT_OBJC_ISA_USAGE = YES_ERROR;
				CLANG_WARN_DOCUMENTATION_COMMENTS = YES;
				CLANG_WARN_EMPTY_BODY = YES;
				CLANG_WARN_ENUM_CONVERSION = YES;
				CLANG_WARN_INFINITE_RECURSION = YES;
				CLANG_WARN_INT_CONVERSION = YES;
				CLANG_WARN_NON_LITERAL_NULL_CONVERSION = YES;
				CLANG_WARN_OBJC_IMPLICIT_RETAIN_SELF = YES;
				CLANG_WARN_OBJC_LITERAL_CONVERSION = YES;
				CLANG_WARN_OBJC_ROOT_CLASS = YES_ERROR;
				CLANG_WARN_QUOTED_INCLUDE_IN_FRAMEWORK_HEADER = YES;
				CLANG_WARN_RANGE_LOOP_ANALYSIS = YES;
				CLANG_WARN_STRICT_PROTOTYPES = YES;
				CLANG_WARN_SUSPICIOUS_MOVE = YES;
				CLANG_WARN_UNGUARDED_AVAILABILITY = YES_AGGRESSIVE;
				CLANG_WARN_UNREACHABLE_CODE = YES;
				CLANG_WARN__DUPLICATE_METHOD_MATCH = YES;
				COPY_PHASE_STRIP = NO;
				DEBUG_INFORMATION_FORMAT = "dwarf-with-dsym";
				ENABLE_NS_ASSERTIONS = NO;
				ENABLE_STRICT_OBJC_MSGSEND = YES;
				ENABLE_USER_SCRIPT_SANDBOXING = YES;
				GCC_C_LANGUAGE_STANDARD = gnu17;
				GCC_NO_COMMON_BLOCKS = YES;
				GCC_WARN_64_TO_32_BIT_CONVERSION = YES;
				GCC_WARN_ABOUT_RETURN_TYPE = YES_ERROR;
				GCC_WARN_UNDECLARED_SELECTOR = YES;
				GCC_WARN_UNINITIALIZED_AUTOS = YES_AGGRESSIVE;
				GCC_WARN_UNUSED_FUNCTION = YES;
				GCC_WARN_UNUSED_VARIABLE = YES;
				IPHONEOS_DEPLOYMENT_TARGET = 18.2;
				LOCALIZATION_PREFERS_STRING_CATALOGS = YES;
				MTL_ENABLE_DEBUG_INFO = NO;
				MTL_FAST_MATH = YES;
				SDKROOT = iphoneos;
				SWIFT_COMPILATION_MODE = wholemodule;
				VALIDATE_PRODUCT = YES;
			};
			name = Release;
		};
		14AB42812D17BEB300D85395 /* Debug */ = {
			isa = XCBuildConfiguration;
			buildSettings = {
				BUNDLE_LOADER = "$(TEST_HOST)";
				CODE_SIGN_STYLE = Automatic;
				CURRENT_PROJECT_VERSION = 1;
				DEVELOPMENT_TEAM = 362WZ4F2B3;
				GENERATE_INFOPLIST_FILE = YES;
				IPHONEOS_DEPLOYMENT_TARGET = 18.2;
				MARKETING_VERSION = 1.0;
				PRODUCT_BUNDLE_IDENTIFIER = DK.SimpleList2Tests;
				PRODUCT_NAME = "$(TARGET_NAME)";
				SWIFT_EMIT_LOC_STRINGS = NO;
				SWIFT_VERSION = 5.0;
				TARGETED_DEVICE_FAMILY = "1,2";
				TEST_HOST = "$(BUILT_PRODUCTS_DIR)/SimpleList2.app/$(BUNDLE_EXECUTABLE_FOLDER_PATH)/SimpleList2";
			};
			name = Debug;
		};
		14AB42822D17BEB300D85395 /* Release */ = {
			isa = XCBuildConfiguration;
			buildSettings = {
				BUNDLE_LOADER = "$(TEST_HOST)";
				CODE_SIGN_STYLE = Automatic;
				CURRENT_PROJECT_VERSION = 1;
				DEVELOPMENT_TEAM = 362WZ4F2B3;
				GENERATE_INFOPLIST_FILE = YES;
				IPHONEOS_DEPLOYMENT_TARGET = 18.2;
				MARKETING_VERSION = 1.0;
				PRODUCT_BUNDLE_IDENTIFIER = DK.SimpleList2Tests;
				PRODUCT_NAME = "$(TARGET_NAME)";
				SWIFT_EMIT_LOC_STRINGS = NO;
				SWIFT_VERSION = 5.0;
				TARGETED_DEVICE_FAMILY = "1,2";
				TEST_HOST = "$(BUILT_PRODUCTS_DIR)/SimpleList2.app/$(BUNDLE_EXECUTABLE_FOLDER_PATH)/SimpleList2";
			};
			name = Release;
		};
		14AB42842D17BEB300D85395 /* Debug */ = {
			isa = XCBuildConfiguration;
			buildSettings = {
				CODE_SIGN_STYLE = Automatic;
				CURRENT_PROJECT_VERSION = 1;
				DEVELOPMENT_TEAM = 362WZ4F2B3;
				GENERATE_INFOPLIST_FILE = YES;
				MARKETING_VERSION = 1.0;
				PRODUCT_BUNDLE_IDENTIFIER = DK.SimpleList2UITests;
				PRODUCT_NAME = "$(TARGET_NAME)";
				SWIFT_EMIT_LOC_STRINGS = NO;
				SWIFT_VERSION = 5.0;
				TARGETED_DEVICE_FAMILY = "1,2";
				TEST_TARGET_NAME = SimpleList2;
			};
			name = Debug;
		};
		14AB42852D17BEB300D85395 /* Release */ = {
			isa = XCBuildConfiguration;
			buildSettings = {
				CODE_SIGN_STYLE = Automatic;
				CURRENT_PROJECT_VERSION = 1;
				DEVELOPMENT_TEAM = 362WZ4F2B3;
				GENERATE_INFOPLIST_FILE = YES;
				MARKETING_VERSION = 1.0;
				PRODUCT_BUNDLE_IDENTIFIER = DK.SimpleList2UITests;
				PRODUCT_NAME = "$(TARGET_NAME)";
				SWIFT_EMIT_LOC_STRINGS = NO;
				SWIFT_VERSION = 5.0;
				TARGETED_DEVICE_FAMILY = "1,2";
				TEST_TARGET_NAME = SimpleList2;
			};
			name = Release;
		};
/* End XCBuildConfiguration section */

/* Begin XCConfigurationList section */
		14AB424D2D17BEB100D85395 /* Build configuration list for PBXProject "SimpleList2" */ = {
			isa = XCConfigurationList;
			buildConfigurations = (
				14AB427E2D17BEB300D85395 /* Debug */,
				14AB427F2D17BEB300D85395 /* Release */,
			);
			defaultConfigurationIsVisible = 0;
			defaultConfigurationName = Release;
		};
		14AB427B2D17BEB300D85395 /* Build configuration list for PBXNativeTarget "SimpleList2" */ = {
			isa = XCConfigurationList;
			buildConfigurations = (
				14AB427C2D17BEB300D85395 /* Debug */,
				14AB427D2D17BEB300D85395 /* Release */,
			);
			defaultConfigurationIsVisible = 0;
			defaultConfigurationName = Release;
		};
		14AB42802D17BEB300D85395 /* Build configuration list for PBXNativeTarget "SimpleList2Tests" */ = {
			isa = XCConfigurationList;
			buildConfigurations = (
				14AB42812D17BEB300D85395 /* Debug */,
				14AB42822D17BEB300D85395 /* Release */,
			);
			defaultConfigurationIsVisible = 0;
			defaultConfigurationName = Release;
		};
		14AB42832D17BEB300D85395 /* Build configuration list for PBXNativeTarget "SimpleList2UITests" */ = {
			isa = XCConfigurationList;
			buildConfigurations = (
				14AB42842D17BEB300D85395 /* Debug */,
				14AB42852D17BEB300D85395 /* Release */,
			);
			defaultConfigurationIsVisible = 0;
			defaultConfigurationName = Release;
		};
/* End XCConfigurationList section */
	};
	rootObject = 14AB424A2D17BEB100D85395 /* Project object */;
}
