// !$*UTF8*$!
{
	archiveVersion = 1;
	classes = {
	};
	objectVersion = 77;
	objects = {

/* Begin PBXContainerItemProxy section */
		1426143A2CE04D0D00D461BC /* PBXContainerItemProxy */ = {
			isa = PBXContainerItemProxy;
			containerPortal = 142614172CE04D0A00D461BC /* Project object */;
			proxyType = 1;
			remoteGlobalIDString = 1426141E2CE04D0A00D461BC;
			remoteInfo = BasicSet;
		};
		142614442CE04D0D00D461BC /* PBXContainerItemProxy */ = {
			isa = PBXContainerItemProxy;
			containerPortal = 142614172CE04D0A00D461BC /* Project object */;
			proxyType = 1;
			remoteGlobalIDString = 1426141E2CE04D0A00D461BC;
			remoteInfo = BasicSet;
		};
/* End PBXContainerItemProxy section */

/* Begin PBXFileReference section */
		1426141F2CE04D0A00D461BC /* BasicSet.app */ = {isa = PBXFileReference; explicitFileType = wrapper.application; includeInIndex = 0; path = BasicSet.app; sourceTree = BUILT_PRODUCTS_DIR; };
		142614392CE04D0D00D461BC /* BasicSetTests.xctest */ = {isa = PBXFileReference; explicitFileType = wrapper.cfbundle; includeInIndex = 0; path = BasicSetTests.xctest; sourceTree = BUILT_PRODUCTS_DIR; };
		142614432CE04D0D00D461BC /* BasicSetUITests.xctest */ = {isa = PBXFileReference; explicitFileType = wrapper.cfbundle; includeInIndex = 0; path = BasicSetUITests.xctest; sourceTree = BUILT_PRODUCTS_DIR; };
/* End PBXFileReference section */

/* Begin PBXFileSystemSynchronizedBuildFileExceptionSet section */
		1426144B2CE04D0D00D461BC /* Exceptions for "BasicSet" folder in "BasicSet" target */ = {
			isa = PBXFileSystemSynchronizedBuildFileExceptionSet;
			membershipExceptions = (
				Info.plist,
			);
			target = 1426141E2CE04D0A00D461BC /* BasicSet */;
		};
/* End PBXFileSystemSynchronizedBuildFileExceptionSet section */

/* Begin PBXFileSystemSynchronizedRootGroup section */
		142614212CE04D0A00D461BC /* BasicSet */ = {
			isa = PBXFileSystemSynchronizedRootGroup;
			exceptions = (
				1426144B2CE04D0D00D461BC /* Exceptions for "BasicSet" folder in "BasicSet" target */,
			);
			path = BasicSet;
			sourceTree = "<group>";
		};
		1426143C2CE04D0D00D461BC /* BasicSetTests */ = {
			isa = PBXFileSystemSynchronizedRootGroup;
			path = BasicSetTests;
			sourceTree = "<group>";
		};
		142614462CE04D0D00D461BC /* BasicSetUITests */ = {
			isa = PBXFileSystemSynchronizedRootGroup;
			path = BasicSetUITests;
			sourceTree = "<group>";
		};
/* End PBXFileSystemSynchronizedRootGroup section */

/* Begin PBXFrameworksBuildPhase section */
		1426141C2CE04D0A00D461BC /* Frameworks */ = {
			isa = PBXFrameworksBuildPhase;
			buildActionMask = 2147483647;
			files = (
			);
			runOnlyForDeploymentPostprocessing = 0;
		};
		142614362CE04D0D00D461BC /* Frameworks */ = {
			isa = PBXFrameworksBuildPhase;
			buildActionMask = 2147483647;
			files = (
			);
			runOnlyForDeploymentPostprocessing = 0;
		};
		142614402CE04D0D00D461BC /* Frameworks */ = {
			isa = PBXFrameworksBuildPhase;
			buildActionMask = 2147483647;
			files = (
			);
			runOnlyForDeploymentPostprocessing = 0;
		};
/* End PBXFrameworksBuildPhase section */

/* Begin PBXGroup section */
		142614162CE04D0A00D461BC = {
			isa = PBXGroup;
			children = (
				142614212CE04D0A00D461BC /* BasicSet */,
				1426143C2CE04D0D00D461BC /* BasicSetTests */,
				142614462CE04D0D00D461BC /* BasicSetUITests */,
				142614202CE04D0A00D461BC /* Products */,
			);
			sourceTree = "<group>";
		};
		142614202CE04D0A00D461BC /* Products */ = {
			isa = PBXGroup;
			children = (
				1426141F2CE04D0A00D461BC /* BasicSet.app */,
				142614392CE04D0D00D461BC /* BasicSetTests.xctest */,
				142614432CE04D0D00D461BC /* BasicSetUITests.xctest */,
			);
			name = Products;
			sourceTree = "<group>";
		};
/* End PBXGroup section */

/* Begin PBXNativeTarget section */
		1426141E2CE04D0A00D461BC /* BasicSet */ = {
			isa = PBXNativeTarget;
			buildConfigurationList = 1426144C2CE04D0D00D461BC /* Build configuration list for PBXNativeTarget "BasicSet" */;
			buildPhases = (
				1426141B2CE04D0A00D461BC /* Sources */,
				1426141C2CE04D0A00D461BC /* Frameworks */,
				1426141D2CE04D0A00D461BC /* Resources */,
			);
			buildRules = (
			);
			dependencies = (
			);
			fileSystemSynchronizedGroups = (
				142614212CE04D0A00D461BC /* BasicSet */,
			);
			name = BasicSet;
			packageProductDependencies = (
			);
			productName = BasicSet;
			productReference = 1426141F2CE04D0A00D461BC /* BasicSet.app */;
			productType = "com.apple.product-type.application";
		};
		142614382CE04D0D00D461BC /* BasicSetTests */ = {
			isa = PBXNativeTarget;
			buildConfigurationList = 142614512CE04D0D00D461BC /* Build configuration list for PBXNativeTarget "BasicSetTests" */;
			buildPhases = (
				142614352CE04D0D00D461BC /* Sources */,
				142614362CE04D0D00D461BC /* Frameworks */,
				142614372CE04D0D00D461BC /* Resources */,
			);
			buildRules = (
			);
			dependencies = (
				1426143B2CE04D0D00D461BC /* PBXTargetDependency */,
			);
			fileSystemSynchronizedGroups = (
				1426143C2CE04D0D00D461BC /* BasicSetTests */,
			);
			name = BasicSetTests;
			packageProductDependencies = (
			);
			productName = BasicSetTests;
			productReference = 142614392CE04D0D00D461BC /* BasicSetTests.xctest */;
			productType = "com.apple.product-type.bundle.unit-test";
		};
		142614422CE04D0D00D461BC /* BasicSetUITests */ = {
			isa = PBXNativeTarget;
			buildConfigurationList = 142614542CE04D0D00D461BC /* Build configuration list for PBXNativeTarget "BasicSetUITests" */;
			buildPhases = (
				1426143F2CE04D0D00D461BC /* Sources */,
				142614402CE04D0D00D461BC /* Frameworks */,
				142614412CE04D0D00D461BC /* Resources */,
			);
			buildRules = (
			);
			dependencies = (
				142614452CE04D0D00D461BC /* PBXTargetDependency */,
			);
			fileSystemSynchronizedGroups = (
				142614462CE04D0D00D461BC /* BasicSetUITests */,
			);
			name = BasicSetUITests;
			packageProductDependencies = (
			);
			productName = BasicSetUITests;
			productReference = 142614432CE04D0D00D461BC /* BasicSetUITests.xctest */;
			productType = "com.apple.product-type.bundle.ui-testing";
		};
/* End PBXNativeTarget section */

/* Begin PBXProject section */
		142614172CE04D0A00D461BC /* Project object */ = {
			isa = PBXProject;
			attributes = {
				BuildIndependentTargetsInParallel = 1;
				LastSwiftUpdateCheck = 1610;
				LastUpgradeCheck = 1610;
				TargetAttributes = {
					1426141E2CE04D0A00D461BC = {
						CreatedOnToolsVersion = 16.1;
					};
					142614382CE04D0D00D461BC = {
						CreatedOnToolsVersion = 16.1;
						TestTargetID = 1426141E2CE04D0A00D461BC;
					};
					142614422CE04D0D00D461BC = {
						CreatedOnToolsVersion = 16.1;
						TestTargetID = 1426141E2CE04D0A00D461BC;
					};
				};
			};
			buildConfigurationList = 1426141A2CE04D0A00D461BC /* Build configuration list for PBXProject "BasicSet" */;
			developmentRegion = en;
			hasScannedForEncodings = 0;
			knownRegions = (
				en,
				Base,
			);
			mainGroup = 142614162CE04D0A00D461BC;
			minimizedProjectReferenceProxies = 1;
			preferredProjectObjectVersion = 77;
			productRefGroup = 142614202CE04D0A00D461BC /* Products */;
			projectDirPath = "";
			projectRoot = "";
			targets = (
				1426141E2CE04D0A00D461BC /* BasicSet */,
				142614382CE04D0D00D461BC /* BasicSetTests */,
				142614422CE04D0D00D461BC /* BasicSetUITests */,
			);
		};
/* End PBXProject section */

/* Begin PBXResourcesBuildPhase section */
		1426141D2CE04D0A00D461BC /* Resources */ = {
			isa = PBXResourcesBuildPhase;
			buildActionMask = 2147483647;
			files = (
			);
			runOnlyForDeploymentPostprocessing = 0;
		};
		142614372CE04D0D00D461BC /* Resources */ = {
			isa = PBXResourcesBuildPhase;
			buildActionMask = 2147483647;
			files = (
			);
			runOnlyForDeploymentPostprocessing = 0;
		};
		142614412CE04D0D00D461BC /* Resources */ = {
			isa = PBXResourcesBuildPhase;
			buildActionMask = 2147483647;
			files = (
			);
			runOnlyForDeploymentPostprocessing = 0;
		};
/* End PBXResourcesBuildPhase section */

/* Begin PBXSourcesBuildPhase section */
		1426141B2CE04D0A00D461BC /* Sources */ = {
			isa = PBXSourcesBuildPhase;
			buildActionMask = 2147483647;
			files = (
			);
			runOnlyForDeploymentPostprocessing = 0;
		};
		142614352CE04D0D00D461BC /* Sources */ = {
			isa = PBXSourcesBuildPhase;
			buildActionMask = 2147483647;
			files = (
			);
			runOnlyForDeploymentPostprocessing = 0;
		};
		1426143F2CE04D0D00D461BC /* Sources */ = {
			isa = PBXSourcesBuildPhase;
			buildActionMask = 2147483647;
			files = (
			);
			runOnlyForDeploymentPostprocessing = 0;
		};
/* End PBXSourcesBuildPhase section */

/* Begin PBXTargetDependency section */
		1426143B2CE04D0D00D461BC /* PBXTargetDependency */ = {
			isa = PBXTargetDependency;
			target = 1426141E2CE04D0A00D461BC /* BasicSet */;
			targetProxy = 1426143A2CE04D0D00D461BC /* PBXContainerItemProxy */;
		};
		142614452CE04D0D00D461BC /* PBXTargetDependency */ = {
			isa = PBXTargetDependency;
			target = 1426141E2CE04D0A00D461BC /* BasicSet */;
			targetProxy = 142614442CE04D0D00D461BC /* PBXContainerItemProxy */;
		};
/* End PBXTargetDependency section */

/* Begin XCBuildConfiguration section */
		1426144D2CE04D0D00D461BC /* Debug */ = {
			isa = XCBuildConfiguration;
			buildSettings = {
				ASSETCATALOG_COMPILER_APPICON_NAME = AppIcon;
				ASSETCATALOG_COMPILER_GLOBAL_ACCENT_COLOR_NAME = AccentColor;
				CODE_SIGN_ENTITLEMENTS = BasicSet/BasicSet.entitlements;
				CODE_SIGN_STYLE = Automatic;
				CURRENT_PROJECT_VERSION = 1;
				DEVELOPMENT_TEAM = 362WZ4F2B3;
				GENERATE_INFOPLIST_FILE = YES;
				INFOPLIST_FILE = BasicSet/Info.plist;
				INFOPLIST_KEY_UIApplicationSupportsIndirectInputEvents = YES;
				INFOPLIST_KEY_UILaunchStoryboardName = LaunchScreen;
				INFOPLIST_KEY_UIMainStoryboardFile = Main;
				INFOPLIST_KEY_UISupportedInterfaceOrientations_iPad = "UIInterfaceOrientationPortrait UIInterfaceOrientationPortraitUpsideDown UIInterfaceOrientationLandscapeLeft UIInterfaceOrientationLandscapeRight";
				INFOPLIST_KEY_UISupportedInterfaceOrientations_iPhone = "UIInterfaceOrientationPortrait UIInterfaceOrientationLandscapeLeft UIInterfaceOrientationLandscapeRight";
				LD_RUNPATH_SEARCH_PATHS = (
					"$(inherited)",
					"@executable_path/Frameworks",
				);
				MARKETING_VERSION = 1.0;
				PRODUCT_BUNDLE_IDENTIFIER = DK.BasicSet;
				PRODUCT_NAME = "$(TARGET_NAME)";
				SWIFT_EMIT_LOC_STRINGS = YES;
				SWIFT_VERSION = 5.0;
				TARGETED_DEVICE_FAMILY = "1,2";
			};
			name = Debug;
		};
		1426144E2CE04D0D00D461BC /* Release */ = {
			isa = XCBuildConfiguration;
			buildSettings = {
				ASSETCATALOG_COMPILER_APPICON_NAME = AppIcon;
				ASSETCATALOG_COMPILER_GLOBAL_ACCENT_COLOR_NAME = AccentColor;
				CODE_SIGN_ENTITLEMENTS = BasicSet/BasicSet.entitlements;
				CODE_SIGN_STYLE = Automatic;
				CURRENT_PROJECT_VERSION = 1;
				DEVELOPMENT_TEAM = 362WZ4F2B3;
				GENERATE_INFOPLIST_FILE = YES;
				INFOPLIST_FILE = BasicSet/Info.plist;
				INFOPLIST_KEY_UIApplicationSupportsIndirectInputEvents = YES;
				INFOPLIST_KEY_UILaunchStoryboardName = LaunchScreen;
				INFOPLIST_KEY_UIMainStoryboardFile = Main;
				INFOPLIST_KEY_UISupportedInterfaceOrientations_iPad = "UIInterfaceOrientationPortrait UIInterfaceOrientationPortraitUpsideDown UIInterfaceOrientationLandscapeLeft UIInterfaceOrientationLandscapeRight";
				INFOPLIST_KEY_UISupportedInterfaceOrientations_iPhone = "UIInterfaceOrientationPortrait UIInterfaceOrientationLandscapeLeft UIInterfaceOrientationLandscapeRight";
				LD_RUNPATH_SEARCH_PATHS = (
					"$(inherited)",
					"@executable_path/Frameworks",
				);
				MARKETING_VERSION = 1.0;
				PRODUCT_BUNDLE_IDENTIFIER = DK.BasicSet;
				PRODUCT_NAME = "$(TARGET_NAME)";
				SWIFT_EMIT_LOC_STRINGS = YES;
				SWIFT_VERSION = 5.0;
				TARGETED_DEVICE_FAMILY = "1,2";
			};
			name = Release;
		};
		1426144F2CE04D0D00D461BC /* Debug */ = {
			isa = XCBuildConfiguration;
			buildSettings = {
				ALWAYS_SEARCH_USER_PATHS = NO;
				ASSETCATALOG_COMPILER_GENERATE_SWIFT_ASSET_SYMBOL_EXTENSIONS = YES;
				CLANG_ANALYZER_NONNULL = YES;
				CLANG_ANALYZER_NUMBER_OBJECT_CONVERSION = YES_AGGRESSIVE;
				CLANG_CXX_LANGUAGE_STANDARD = "gnu++20";
				CLANG_ENABLE_MODULES = YES;
				CLANG_ENABLE_OBJC_ARC = YES;
				CLANG_ENABLE_OBJC_WEAK = YES;
				CLANG_WARN_BLOCK_CAPTURE_AUTORELEASING = YES;
				CLANG_WARN_BOOL_CONVERSION = YES;
				CLANG_WARN_COMMA = YES;
				CLANG_WARN_CONSTANT_CONVERSION = YES;
				CLANG_WARN_DEPRECATED_OBJC_IMPLEMENTATIONS = YES;
				CLANG_WARN_DIRECT_OBJC_ISA_USAGE = YES_ERROR;
				CLANG_WARN_DOCUMENTATION_COMMENTS = YES;
				CLANG_WARN_EMPTY_BODY = YES;
				CLANG_WARN_ENUM_CONVERSION = YES;
				CLANG_WARN_INFINITE_RECURSION = YES;
				CLANG_WARN_INT_CONVERSION = YES;
				CLANG_WARN_NON_LITERAL_NULL_CONVERSION = YES;
				CLANG_WARN_OBJC_IMPLICIT_RETAIN_SELF = YES;
				CLANG_WARN_OBJC_LITERAL_CONVERSION = YES;
				CLANG_WARN_OBJC_ROOT_CLASS = YES_ERROR;
				CLANG_WARN_QUOTED_INCLUDE_IN_FRAMEWORK_HEADER = YES;
				CLANG_WARN_RANGE_LOOP_ANALYSIS = YES;
				CLANG_WARN_STRICT_PROTOTYPES = YES;
				CLANG_WARN_SUSPICIOUS_MOVE = YES;
				CLANG_WARN_UNGUARDED_AVAILABILITY = YES_AGGRESSIVE;
				CLANG_WARN_UNREACHABLE_CODE = YES;
				CLANG_WARN__DUPLICATE_METHOD_MATCH = YES;
				COPY_PHASE_STRIP = NO;
				DEBUG_INFORMATION_FORMAT = dwarf;
				ENABLE_STRICT_OBJC_MSGSEND = YES;
				ENABLE_TESTABILITY = YES;
				ENABLE_USER_SCRIPT_SANDBOXING = YES;
				GCC_C_LANGUAGE_STANDARD = gnu17;
				GCC_DYNAMIC_NO_PIC = NO;
				GCC_NO_COMMON_BLOCKS = YES;
				GCC_OPTIMIZATION_LEVEL = 0;
				GCC_PREPROCESSOR_DEFINITIONS = (
					"DEBUG=1",
					"$(inherited)",
				);
				GCC_WARN_64_TO_32_BIT_CONVERSION = YES;
				GCC_WARN_ABOUT_RETURN_TYPE = YES_ERROR;
				GCC_WARN_UNDECLARED_SELECTOR = YES;
				GCC_WARN_UNINITIALIZED_AUTOS = YES_AGGRESSIVE;
				GCC_WARN_UNUSED_FUNCTION = YES;
				GCC_WARN_UNUSED_VARIABLE = YES;
				IPHONEOS_DEPLOYMENT_TARGET = 18.1;
				LOCALIZATION_PREFERS_STRING_CATALOGS = YES;
				MTL_ENABLE_DEBUG_INFO = INCLUDE_SOURCE;
				MTL_FAST_MATH = YES;
				ONLY_ACTIVE_ARCH = YES;
				SDKROOT = iphoneos;
				SWIFT_ACTIVE_COMPILATION_CONDITIONS = "DEBUG $(inherited)";
				SWIFT_OPTIMIZATION_LEVEL = "-Onone";
			};
			name = Debug;
		};
		142614502CE04D0D00D461BC /* Release */ = {
			isa = XCBuildConfiguration;
			buildSettings = {
				ALWAYS_SEARCH_USER_PATHS = NO;
				ASSETCATALOG_COMPILER_GENERATE_SWIFT_ASSET_SYMBOL_EXTENSIONS = YES;
				CLANG_ANALYZER_NONNULL = YES;
				CLANG_ANALYZER_NUMBER_OBJECT_CONVERSION = YES_AGGRESSIVE;
				CLANG_CXX_LANGUAGE_STANDARD = "gnu++20";
				CLANG_ENABLE_MODULES = YES;
				CLANG_ENABLE_OBJC_ARC = YES;
				CLANG_ENABLE_OBJC_WEAK = YES;
				CLANG_WARN_BLOCK_CAPTURE_AUTORELEASING = YES;
				CLANG_WARN_BOOL_CONVERSION = YES;
				CLANG_WARN_COMMA = YES;
				CLANG_WARN_CONSTANT_CONVERSION = YES;
				CLANG_WARN_DEPRECATED_OBJC_IMPLEMENTATIONS = YES;
				CLANG_WARN_DIRECT_OBJC_ISA_USAGE = YES_ERROR;
				CLANG_WARN_DOCUMENTATION_COMMENTS = YES;
				CLANG_WARN_EMPTY_BODY = YES;
				CLANG_WARN_ENUM_CONVERSION = YES;
				CLANG_WARN_INFINITE_RECURSION = YES;
				CLANG_WARN_INT_CONVERSION = YES;
				CLANG_WARN_NON_LITERAL_NULL_CONVERSION = YES;
				CLANG_WARN_OBJC_IMPLICIT_RETAIN_SELF = YES;
				CLANG_WARN_OBJC_LITERAL_CONVERSION = YES;
				CLANG_WARN_OBJC_ROOT_CLASS = YES_ERROR;
				CLANG_WARN_QUOTED_INCLUDE_IN_FRAMEWORK_HEADER = YES;
				CLANG_WARN_RANGE_LOOP_ANALYSIS = YES;
				CLANG_WARN_STRICT_PROTOTYPES = YES;
				CLANG_WARN_SUSPICIOUS_MOVE = YES;
				CLANG_WARN_UNGUARDED_AVAILABILITY = YES_AGGRESSIVE;
				CLANG_WARN_UNREACHABLE_CODE = YES;
				CLANG_WARN__DUPLICATE_METHOD_MATCH = YES;
				COPY_PHASE_STRIP = NO;
				DEBUG_INFORMATION_FORMAT = "dwarf-with-dsym";
				ENABLE_NS_ASSERTIONS = NO;
				ENABLE_STRICT_OBJC_MSGSEND = YES;
				ENABLE_USER_SCRIPT_SANDBOXING = YES;
				GCC_C_LANGUAGE_STANDARD = gnu17;
				GCC_NO_COMMON_BLOCKS = YES;
				GCC_WARN_64_TO_32_BIT_CONVERSION = YES;
				GCC_WARN_ABOUT_RETURN_TYPE = YES_ERROR;
				GCC_WARN_UNDECLARED_SELECTOR = YES;
				GCC_WARN_UNINITIALIZED_AUTOS = YES_AGGRESSIVE;
				GCC_WARN_UNUSED_FUNCTION = YES;
				GCC_WARN_UNUSED_VARIABLE = YES;
				IPHONEOS_DEPLOYMENT_TARGET = 18.1;
				LOCALIZATION_PREFERS_STRING_CATALOGS = YES;
				MTL_ENABLE_DEBUG_INFO = NO;
				MTL_FAST_MATH = YES;
				SDKROOT = iphoneos;
				SWIFT_COMPILATION_MODE = wholemodule;
				VALIDATE_PRODUCT = YES;
			};
			name = Release;
		};
		142614522CE04D0D00D461BC /* Debug */ = {
			isa = XCBuildConfiguration;
			buildSettings = {
				BUNDLE_LOADER = "$(TEST_HOST)";
				CODE_SIGN_STYLE = Automatic;
				CURRENT_PROJECT_VERSION = 1;
				DEVELOPMENT_TEAM = 362WZ4F2B3;
				GENERATE_INFOPLIST_FILE = YES;
				IPHONEOS_DEPLOYMENT_TARGET = 18.1;
				MARKETING_VERSION = 1.0;
				PRODUCT_BUNDLE_IDENTIFIER = DK.BasicSetTests;
				PRODUCT_NAME = "$(TARGET_NAME)";
				SWIFT_EMIT_LOC_STRINGS = NO;
				SWIFT_VERSION = 5.0;
				TARGETED_DEVICE_FAMILY = "1,2";
				TEST_HOST = "$(BUILT_PRODUCTS_DIR)/BasicSet.app/$(BUNDLE_EXECUTABLE_FOLDER_PATH)/BasicSet";
			};
			name = Debug;
		};
		142614532CE04D0D00D461BC /* Release */ = {
			isa = XCBuildConfiguration;
			buildSettings = {
				BUNDLE_LOADER = "$(TEST_HOST)";
				CODE_SIGN_STYLE = Automatic;
				CURRENT_PROJECT_VERSION = 1;
				DEVELOPMENT_TEAM = 362WZ4F2B3;
				GENERATE_INFOPLIST_FILE = YES;
				IPHONEOS_DEPLOYMENT_TARGET = 18.1;
				MARKETING_VERSION = 1.0;
				PRODUCT_BUNDLE_IDENTIFIER = DK.BasicSetTests;
				PRODUCT_NAME = "$(TARGET_NAME)";
				SWIFT_EMIT_LOC_STRINGS = NO;
				SWIFT_VERSION = 5.0;
				TARGETED_DEVICE_FAMILY = "1,2";
				TEST_HOST = "$(BUILT_PRODUCTS_DIR)/BasicSet.app/$(BUNDLE_EXECUTABLE_FOLDER_PATH)/BasicSet";
			};
			name = Release;
		};
		142614552CE04D0D00D461BC /* Debug */ = {
			isa = XCBuildConfiguration;
			buildSettings = {
				CODE_SIGN_STYLE = Automatic;
				CURRENT_PROJECT_VERSION = 1;
				DEVELOPMENT_TEAM = 362WZ4F2B3;
				GENERATE_INFOPLIST_FILE = YES;
				MARKETING_VERSION = 1.0;
				PRODUCT_BUNDLE_IDENTIFIER = DK.BasicSetUITests;
				PRODUCT_NAME = "$(TARGET_NAME)";
				SWIFT_EMIT_LOC_STRINGS = NO;
				SWIFT_VERSION = 5.0;
				TARGETED_DEVICE_FAMILY = "1,2";
				TEST_TARGET_NAME = BasicSet;
			};
			name = Debug;
		};
		142614562CE04D0D00D461BC /* Release */ = {
			isa = XCBuildConfiguration;
			buildSettings = {
				CODE_SIGN_STYLE = Automatic;
				CURRENT_PROJECT_VERSION = 1;
				DEVELOPMENT_TEAM = 362WZ4F2B3;
				GENERATE_INFOPLIST_FILE = YES;
				MARKETING_VERSION = 1.0;
				PRODUCT_BUNDLE_IDENTIFIER = DK.BasicSetUITests;
				PRODUCT_NAME = "$(TARGET_NAME)";
				SWIFT_EMIT_LOC_STRINGS = NO;
				SWIFT_VERSION = 5.0;
				TARGETED_DEVICE_FAMILY = "1,2";
				TEST_TARGET_NAME = BasicSet;
			};
			name = Release;
		};
/* End XCBuildConfiguration section */

/* Begin XCConfigurationList section */
		1426141A2CE04D0A00D461BC /* Build configuration list for PBXProject "BasicSet" */ = {
			isa = XCConfigurationList;
			buildConfigurations = (
				1426144F2CE04D0D00D461BC /* Debug */,
				142614502CE04D0D00D461BC /* Release */,
			);
			defaultConfigurationIsVisible = 0;
			defaultConfigurationName = Release;
		};
		1426144C2CE04D0D00D461BC /* Build configuration list for PBXNativeTarget "BasicSet" */ = {
			isa = XCConfigurationList;
			buildConfigurations = (
				1426144D2CE04D0D00D461BC /* Debug */,
				1426144E2CE04D0D00D461BC /* Release */,
			);
			defaultConfigurationIsVisible = 0;
			defaultConfigurationName = Release;
		};
		142614512CE04D0D00D461BC /* Build configuration list for PBXNativeTarget "BasicSetTests" */ = {
			isa = XCConfigurationList;
			buildConfigurations = (
				142614522CE04D0D00D461BC /* Debug */,
				142614532CE04D0D00D461BC /* Release */,
			);
			defaultConfigurationIsVisible = 0;
			defaultConfigurationName = Release;
		};
		142614542CE04D0D00D461BC /* Build configuration list for PBXNativeTarget "BasicSetUITests" */ = {
			isa = XCConfigurationList;
			buildConfigurations = (
				142614552CE04D0D00D461BC /* Debug */,
				142614562CE04D0D00D461BC /* Release */,
			);
			defaultConfigurationIsVisible = 0;
			defaultConfigurationName = Release;
		};
/* End XCConfigurationList section */
	};
	rootObject = 142614172CE04D0A00D461BC /* Project object */;
}
