// !$*UTF8*$!
{
	archiveVersion = 1;
	classes = {
	};
	objectVersion = 77;
	objects = {

/* Begin PBXContainerItemProxy section */
		14844FC62CFED026002CCBFE /* PBXContainerItemProxy */ = {
			isa = PBXContainerItemProxy;
			containerPortal = 14844FA72CFED023002CCBFE /* Project object */;
			proxyType = 1;
			remoteGlobalIDString = 14844FAE2CFED023002CCBFE;
			remoteInfo = MyFirstAnimation;
		};
		14844FD02CFED026002CCBFE /* PBXContainerItemProxy */ = {
			isa = PBXContainerItemProxy;
			containerPortal = 14844FA72CFED023002CCBFE /* Project object */;
			proxyType = 1;
			remoteGlobalIDString = 14844FAE2CFED023002CCBFE;
			remoteInfo = MyFirstAnimation;
		};
/* End PBXContainerItemProxy section */

/* Begin PBXFileReference section */
		14844FAF2CFED023002CCBFE /* MyFirstAnimation.app */ = {isa = PBXFileReference; explicitFileType = wrapper.application; includeInIndex = 0; path = MyFirstAnimation.app; sourceTree = BUILT_PRODUCTS_DIR; };
		14844FC52CFED026002CCBFE /* MyFirstAnimationTests.xctest */ = {isa = PBXFileReference; explicitFileType = wrapper.cfbundle; includeInIndex = 0; path = MyFirstAnimationTests.xctest; sourceTree = BUILT_PRODUCTS_DIR; };
		14844FCF2CFED026002CCBFE /* MyFirstAnimationUITests.xctest */ = {isa = PBXFileReference; explicitFileType = wrapper.cfbundle; includeInIndex = 0; path = MyFirstAnimationUITests.xctest; sourceTree = BUILT_PRODUCTS_DIR; };
/* End PBXFileReference section */

/* Begin PBXFileSystemSynchronizedBuildFileExceptionSet section */
		14844FD72CFED026002CCBFE /* Exceptions for "MyFirstAnimation" folder in "MyFirstAnimation" target */ = {
			isa = PBXFileSystemSynchronizedBuildFileExceptionSet;
			membershipExceptions = (
				Info.plist,
			);
			target = 14844FAE2CFED023002CCBFE /* MyFirstAnimation */;
		};
/* End PBXFileSystemSynchronizedBuildFileExceptionSet section */

/* Begin PBXFileSystemSynchronizedRootGroup section */
		14844FB12CFED023002CCBFE /* MyFirstAnimation */ = {
			isa = PBXFileSystemSynchronizedRootGroup;
			exceptions = (
				14844FD72CFED026002CCBFE /* Exceptions for "MyFirstAnimation" folder in "MyFirstAnimation" target */,
			);
			path = MyFirstAnimation;
			sourceTree = "<group>";
		};
		14844FC82CFED026002CCBFE /* MyFirstAnimationTests */ = {
			isa = PBXFileSystemSynchronizedRootGroup;
			path = MyFirstAnimationTests;
			sourceTree = "<group>";
		};
		14844FD22CFED026002CCBFE /* MyFirstAnimationUITests */ = {
			isa = PBXFileSystemSynchronizedRootGroup;
			path = MyFirstAnimationUITests;
			sourceTree = "<group>";
		};
/* End PBXFileSystemSynchronizedRootGroup section */

/* Begin PBXFrameworksBuildPhase section */
		14844FAC2CFED023002CCBFE /* Frameworks */ = {
			isa = PBXFrameworksBuildPhase;
			buildActionMask = 2147483647;
			files = (
			);
			runOnlyForDeploymentPostprocessing = 0;
		};
		14844FC22CFED026002CCBFE /* Frameworks */ = {
			isa = PBXFrameworksBuildPhase;
			buildActionMask = 2147483647;
			files = (
			);
			runOnlyForDeploymentPostprocessing = 0;
		};
		14844FCC2CFED026002CCBFE /* Frameworks */ = {
			isa = PBXFrameworksBuildPhase;
			buildActionMask = 2147483647;
			files = (
			);
			runOnlyForDeploymentPostprocessing = 0;
		};
/* End PBXFrameworksBuildPhase section */

/* Begin PBXGroup section */
		14844FA62CFED023002CCBFE = {
			isa = PBXGroup;
			children = (
				14844FB12CFED023002CCBFE /* MyFirstAnimation */,
				14844FC82CFED026002CCBFE /* MyFirstAnimationTests */,
				14844FD22CFED026002CCBFE /* MyFirstAnimationUITests */,
				14844FB02CFED023002CCBFE /* Products */,
			);
			sourceTree = "<group>";
		};
		14844FB02CFED023002CCBFE /* Products */ = {
			isa = PBXGroup;
			children = (
				14844FAF2CFED023002CCBFE /* MyFirstAnimation.app */,
				14844FC52CFED026002CCBFE /* MyFirstAnimationTests.xctest */,
				14844FCF2CFED026002CCBFE /* MyFirstAnimationUITests.xctest */,
			);
			name = Products;
			sourceTree = "<group>";
		};
/* End PBXGroup section */

/* Begin PBXNativeTarget section */
		14844FAE2CFED023002CCBFE /* MyFirstAnimation */ = {
			isa = PBXNativeTarget;
			buildConfigurationList = 14844FD82CFED026002CCBFE /* Build configuration list for PBXNativeTarget "MyFirstAnimation" */;
			buildPhases = (
				14844FAB2CFED023002CCBFE /* Sources */,
				14844FAC2CFED023002CCBFE /* Frameworks */,
				14844FAD2CFED023002CCBFE /* Resources */,
			);
			buildRules = (
			);
			dependencies = (
			);
			fileSystemSynchronizedGroups = (
				14844FB12CFED023002CCBFE /* MyFirstAnimation */,
			);
			name = MyFirstAnimation;
			packageProductDependencies = (
			);
			productName = MyFirstAnimation;
			productReference = 14844FAF2CFED023002CCBFE /* MyFirstAnimation.app */;
			productType = "com.apple.product-type.application";
		};
		14844FC42CFED026002CCBFE /* MyFirstAnimationTests */ = {
			isa = PBXNativeTarget;
			buildConfigurationList = 14844FDD2CFED026002CCBFE /* Build configuration list for PBXNativeTarget "MyFirstAnimationTests" */;
			buildPhases = (
				14844FC12CFED026002CCBFE /* Sources */,
				14844FC22CFED026002CCBFE /* Frameworks */,
				14844FC32CFED026002CCBFE /* Resources */,
			);
			buildRules = (
			);
			dependencies = (
				14844FC72CFED026002CCBFE /* PBXTargetDependency */,
			);
			fileSystemSynchronizedGroups = (
				14844FC82CFED026002CCBFE /* MyFirstAnimationTests */,
			);
			name = MyFirstAnimationTests;
			packageProductDependencies = (
			);
			productName = MyFirstAnimationTests;
			productReference = 14844FC52CFED026002CCBFE /* MyFirstAnimationTests.xctest */;
			productType = "com.apple.product-type.bundle.unit-test";
		};
		14844FCE2CFED026002CCBFE /* MyFirstAnimationUITests */ = {
			isa = PBXNativeTarget;
			buildConfigurationList = 14844FE02CFED026002CCBFE /* Build configuration list for PBXNativeTarget "MyFirstAnimationUITests" */;
			buildPhases = (
				14844FCB2CFED026002CCBFE /* Sources */,
				14844FCC2CFED026002CCBFE /* Frameworks */,
				14844FCD2CFED026002CCBFE /* Resources */,
			);
			buildRules = (
			);
			dependencies = (
				14844FD12CFED026002CCBFE /* PBXTargetDependency */,
			);
			fileSystemSynchronizedGroups = (
				14844FD22CFED026002CCBFE /* MyFirstAnimationUITests */,
			);
			name = MyFirstAnimationUITests;
			packageProductDependencies = (
			);
			productName = MyFirstAnimationUITests;
			productReference = 14844FCF2CFED026002CCBFE /* MyFirstAnimationUITests.xctest */;
			productType = "com.apple.product-type.bundle.ui-testing";
		};
/* End PBXNativeTarget section */

/* Begin PBXProject section */
		14844FA72CFED023002CCBFE /* Project object */ = {
			isa = PBXProject;
			attributes = {
				BuildIndependentTargetsInParallel = 1;
				LastSwiftUpdateCheck = 1610;
				LastUpgradeCheck = 1610;
				TargetAttributes = {
					14844FAE2CFED023002CCBFE = {
						CreatedOnToolsVersion = 16.1;
					};
					14844FC42CFED026002CCBFE = {
						CreatedOnToolsVersion = 16.1;
						TestTargetID = 14844FAE2CFED023002CCBFE;
					};
					14844FCE2CFED026002CCBFE = {
						CreatedOnToolsVersion = 16.1;
						TestTargetID = 14844FAE2CFED023002CCBFE;
					};
				};
			};
			buildConfigurationList = 14844FAA2CFED023002CCBFE /* Build configuration list for PBXProject "MyFirstAnimation" */;
			developmentRegion = en;
			hasScannedForEncodings = 0;
			knownRegions = (
				en,
				Base,
			);
			mainGroup = 14844FA62CFED023002CCBFE;
			minimizedProjectReferenceProxies = 1;
			preferredProjectObjectVersion = 77;
			productRefGroup = 14844FB02CFED023002CCBFE /* Products */;
			projectDirPath = "";
			projectRoot = "";
			targets = (
				14844FAE2CFED023002CCBFE /* MyFirstAnimation */,
				14844FC42CFED026002CCBFE /* MyFirstAnimationTests */,
				14844FCE2CFED026002CCBFE /* MyFirstAnimationUITests */,
			);
		};
/* End PBXProject section */

/* Begin PBXResourcesBuildPhase section */
		14844FAD2CFED023002CCBFE /* Resources */ = {
			isa = PBXResourcesBuildPhase;
			buildActionMask = 2147483647;
			files = (
			);
			runOnlyForDeploymentPostprocessing = 0;
		};
		14844FC32CFED026002CCBFE /* Resources */ = {
			isa = PBXResourcesBuildPhase;
			buildActionMask = 2147483647;
			files = (
			);
			runOnlyForDeploymentPostprocessing = 0;
		};
		14844FCD2CFED026002CCBFE /* Resources */ = {
			isa = PBXResourcesBuildPhase;
			buildActionMask = 2147483647;
			files = (
			);
			runOnlyForDeploymentPostprocessing = 0;
		};
/* End PBXResourcesBuildPhase section */

/* Begin PBXSourcesBuildPhase section */
		14844FAB2CFED023002CCBFE /* Sources */ = {
			isa = PBXSourcesBuildPhase;
			buildActionMask = 2147483647;
			files = (
			);
			runOnlyForDeploymentPostprocessing = 0;
		};
		14844FC12CFED026002CCBFE /* Sources */ = {
			isa = PBXSourcesBuildPhase;
			buildActionMask = 2147483647;
			files = (
			);
			runOnlyForDeploymentPostprocessing = 0;
		};
		14844FCB2CFED026002CCBFE /* Sources */ = {
			isa = PBXSourcesBuildPhase;
			buildActionMask = 2147483647;
			files = (
			);
			runOnlyForDeploymentPostprocessing = 0;
		};
/* End PBXSourcesBuildPhase section */

/* Begin PBXTargetDependency section */
		14844FC72CFED026002CCBFE /* PBXTargetDependency */ = {
			isa = PBXTargetDependency;
			target = 14844FAE2CFED023002CCBFE /* MyFirstAnimation */;
			targetProxy = 14844FC62CFED026002CCBFE /* PBXContainerItemProxy */;
		};
		14844FD12CFED026002CCBFE /* PBXTargetDependency */ = {
			isa = PBXTargetDependency;
			target = 14844FAE2CFED023002CCBFE /* MyFirstAnimation */;
			targetProxy = 14844FD02CFED026002CCBFE /* PBXContainerItemProxy */;
		};
/* End PBXTargetDependency section */

/* Begin XCBuildConfiguration section */
		14844FD92CFED026002CCBFE /* Debug */ = {
			isa = XCBuildConfiguration;
			buildSettings = {
				ASSETCATALOG_COMPILER_APPICON_NAME = AppIcon;
				ASSETCATALOG_COMPILER_GLOBAL_ACCENT_COLOR_NAME = AccentColor;
				CODE_SIGN_STYLE = Automatic;
				CURRENT_PROJECT_VERSION = 1;
				DEVELOPMENT_TEAM = 362WZ4F2B3;
				GENERATE_INFOPLIST_FILE = YES;
				INFOPLIST_FILE = MyFirstAnimation/Info.plist;
				INFOPLIST_KEY_UIApplicationSupportsIndirectInputEvents = YES;
				INFOPLIST_KEY_UILaunchStoryboardName = LaunchScreen;
				INFOPLIST_KEY_UIMainStoryboardFile = Main;
				INFOPLIST_KEY_UISupportedInterfaceOrientations_iPad = "UIInterfaceOrientationPortrait UIInterfaceOrientationPortraitUpsideDown UIInterfaceOrientationLandscapeLeft UIInterfaceOrientationLandscapeRight";
				INFOPLIST_KEY_UISupportedInterfaceOrientations_iPhone = "UIInterfaceOrientationPortrait UIInterfaceOrientationLandscapeLeft UIInterfaceOrientationLandscapeRight";
				LD_RUNPATH_SEARCH_PATHS = (
					"$(inherited)",
					"@executable_path/Frameworks",
				);
				MARKETING_VERSION = 1.0;
				PRODUCT_BUNDLE_IDENTIFIER = DK.MyFirstAnimation;
				PRODUCT_NAME = "$(TARGET_NAME)";
				SWIFT_EMIT_LOC_STRINGS = YES;
				SWIFT_VERSION = 5.0;
				TARGETED_DEVICE_FAMILY = "1,2";
			};
			name = Debug;
		};
		14844FDA2CFED026002CCBFE /* Release */ = {
			isa = XCBuildConfiguration;
			buildSettings = {
				ASSETCATALOG_COMPILER_APPICON_NAME = AppIcon;
				ASSETCATALOG_COMPILER_GLOBAL_ACCENT_COLOR_NAME = AccentColor;
				CODE_SIGN_STYLE = Automatic;
				CURRENT_PROJECT_VERSION = 1;
				DEVELOPMENT_TEAM = 362WZ4F2B3;
				GENERATE_INFOPLIST_FILE = YES;
				INFOPLIST_FILE = MyFirstAnimation/Info.plist;
				INFOPLIST_KEY_UIApplicationSupportsIndirectInputEvents = YES;
				INFOPLIST_KEY_UILaunchStoryboardName = LaunchScreen;
				INFOPLIST_KEY_UIMainStoryboardFile = Main;
				INFOPLIST_KEY_UISupportedInterfaceOrientations_iPad = "UIInterfaceOrientationPortrait UIInterfaceOrientationPortraitUpsideDown UIInterfaceOrientationLandscapeLeft UIInterfaceOrientationLandscapeRight";
				INFOPLIST_KEY_UISupportedInterfaceOrientations_iPhone = "UIInterfaceOrientationPortrait UIInterfaceOrientationLandscapeLeft UIInterfaceOrientationLandscapeRight";
				LD_RUNPATH_SEARCH_PATHS = (
					"$(inherited)",
					"@executable_path/Frameworks",
				);
				MARKETING_VERSION = 1.0;
				PRODUCT_BUNDLE_IDENTIFIER = DK.MyFirstAnimation;
				PRODUCT_NAME = "$(TARGET_NAME)";
				SWIFT_EMIT_LOC_STRINGS = YES;
				SWIFT_VERSION = 5.0;
				TARGETED_DEVICE_FAMILY = "1,2";
			};
			name = Release;
		};
		14844FDB2CFED026002CCBFE /* Debug */ = {
			isa = XCBuildConfiguration;
			buildSettings = {
				ALWAYS_SEARCH_USER_PATHS = NO;
				ASSETCATALOG_COMPILER_GENERATE_SWIFT_ASSET_SYMBOL_EXTENSIONS = YES;
				CLANG_ANALYZER_NONNULL = YES;
				CLANG_ANALYZER_NUMBER_OBJECT_CONVERSION = YES_AGGRESSIVE;
				CLANG_CXX_LANGUAGE_STANDARD = "gnu++20";
				CLANG_ENABLE_MODULES = YES;
				CLANG_ENABLE_OBJC_ARC = YES;
				CLANG_ENABLE_OBJC_WEAK = YES;
				CLANG_WARN_BLOCK_CAPTURE_AUTORELEASING = YES;
				CLANG_WARN_BOOL_CONVERSION = YES;
				CLANG_WARN_COMMA = YES;
				CLANG_WARN_CONSTANT_CONVERSION = YES;
				CLANG_WARN_DEPRECATED_OBJC_IMPLEMENTATIONS = YES;
				CLANG_WARN_DIRECT_OBJC_ISA_USAGE = YES_ERROR;
				CLANG_WARN_DOCUMENTATION_COMMENTS = YES;
				CLANG_WARN_EMPTY_BODY = YES;
				CLANG_WARN_ENUM_CONVERSION = YES;
				CLANG_WARN_INFINITE_RECURSION = YES;
				CLANG_WARN_INT_CONVERSION = YES;
				CLANG_WARN_NON_LITERAL_NULL_CONVERSION = YES;
				CLANG_WARN_OBJC_IMPLICIT_RETAIN_SELF = YES;
				CLANG_WARN_OBJC_LITERAL_CONVERSION = YES;
				CLANG_WARN_OBJC_ROOT_CLASS = YES_ERROR;
				CLANG_WARN_QUOTED_INCLUDE_IN_FRAMEWORK_HEADER = YES;
				CLANG_WARN_RANGE_LOOP_ANALYSIS = YES;
				CLANG_WARN_STRICT_PROTOTYPES = YES;
				CLANG_WARN_SUSPICIOUS_MOVE = YES;
				CLANG_WARN_UNGUARDED_AVAILABILITY = YES_AGGRESSIVE;
				CLANG_WARN_UNREACHABLE_CODE = YES;
				CLANG_WARN__DUPLICATE_METHOD_MATCH = YES;
				COPY_PHASE_STRIP = NO;
				DEBUG_INFORMATION_FORMAT = dwarf;
				ENABLE_STRICT_OBJC_MSGSEND = YES;
				ENABLE_TESTABILITY = YES;
				ENABLE_USER_SCRIPT_SANDBOXING = YES;
				GCC_C_LANGUAGE_STANDARD = gnu17;
				GCC_DYNAMIC_NO_PIC = NO;
				GCC_NO_COMMON_BLOCKS = YES;
				GCC_OPTIMIZATION_LEVEL = 0;
				GCC_PREPROCESSOR_DEFINITIONS = (
					"DEBUG=1",
					"$(inherited)",
				);
				GCC_WARN_64_TO_32_BIT_CONVERSION = YES;
				GCC_WARN_ABOUT_RETURN_TYPE = YES_ERROR;
				GCC_WARN_UNDECLARED_SELECTOR = YES;
				GCC_WARN_UNINITIALIZED_AUTOS = YES_AGGRESSIVE;
				GCC_WARN_UNUSED_FUNCTION = YES;
				GCC_WARN_UNUSED_VARIABLE = YES;
				IPHONEOS_DEPLOYMENT_TARGET = 18.1;
				LOCALIZATION_PREFERS_STRING_CATALOGS = YES;
				MTL_ENABLE_DEBUG_INFO = INCLUDE_SOURCE;
				MTL_FAST_MATH = YES;
				ONLY_ACTIVE_ARCH = YES;
				SDKROOT = iphoneos;
				SWIFT_ACTIVE_COMPILATION_CONDITIONS = "DEBUG $(inherited)";
				SWIFT_OPTIMIZATION_LEVEL = "-Onone";
			};
			name = Debug;
		};
		14844FDC2CFED026002CCBFE /* Release */ = {
			isa = XCBuildConfiguration;
			buildSettings = {
				ALWAYS_SEARCH_USER_PATHS = NO;
				ASSETCATALOG_COMPILER_GENERATE_SWIFT_ASSET_SYMBOL_EXTENSIONS = YES;
				CLANG_ANALYZER_NONNULL = YES;
				CLANG_ANALYZER_NUMBER_OBJECT_CONVERSION = YES_AGGRESSIVE;
				CLANG_CXX_LANGUAGE_STANDARD = "gnu++20";
				CLANG_ENABLE_MODULES = YES;
				CLANG_ENABLE_OBJC_ARC = YES;
				CLANG_ENABLE_OBJC_WEAK = YES;
				CLANG_WARN_BLOCK_CAPTURE_AUTORELEASING = YES;
				CLANG_WARN_BOOL_CONVERSION = YES;
				CLANG_WARN_COMMA = YES;
				CLANG_WARN_CONSTANT_CONVERSION = YES;
				CLANG_WARN_DEPRECATED_OBJC_IMPLEMENTATIONS = YES;
				CLANG_WARN_DIRECT_OBJC_ISA_USAGE = YES_ERROR;
				CLANG_WARN_DOCUMENTATION_COMMENTS = YES;
				CLANG_WARN_EMPTY_BODY = YES;
				CLANG_WARN_ENUM_CONVERSION = YES;
				CLANG_WARN_INFINITE_RECURSION = YES;
				CLANG_WARN_INT_CONVERSION = YES;
				CLANG_WARN_NON_LITERAL_NULL_CONVERSION = YES;
				CLANG_WARN_OBJC_IMPLICIT_RETAIN_SELF = YES;
				CLANG_WARN_OBJC_LITERAL_CONVERSION = YES;
				CLANG_WARN_OBJC_ROOT_CLASS = YES_ERROR;
				CLANG_WARN_QUOTED_INCLUDE_IN_FRAMEWORK_HEADER = YES;
				CLANG_WARN_RANGE_LOOP_ANALYSIS = YES;
				CLANG_WARN_STRICT_PROTOTYPES = YES;
				CLANG_WARN_SUSPICIOUS_MOVE = YES;
				CLANG_WARN_UNGUARDED_AVAILABILITY = YES_AGGRESSIVE;
				CLANG_WARN_UNREACHABLE_CODE = YES;
				CLANG_WARN__DUPLICATE_METHOD_MATCH = YES;
				COPY_PHASE_STRIP = NO;
				DEBUG_INFORMATION_FORMAT = "dwarf-with-dsym";
				ENABLE_NS_ASSERTIONS = NO;
				ENABLE_STRICT_OBJC_MSGSEND = YES;
				ENABLE_USER_SCRIPT_SANDBOXING = YES;
				GCC_C_LANGUAGE_STANDARD = gnu17;
				GCC_NO_COMMON_BLOCKS = YES;
				GCC_WARN_64_TO_32_BIT_CONVERSION = YES;
				GCC_WARN_ABOUT_RETURN_TYPE = YES_ERROR;
				GCC_WARN_UNDECLARED_SELECTOR = YES;
				GCC_WARN_UNINITIALIZED_AUTOS = YES_AGGRESSIVE;
				GCC_WARN_UNUSED_FUNCTION = YES;
				GCC_WARN_UNUSED_VARIABLE = YES;
				IPHONEOS_DEPLOYMENT_TARGET = 18.1;
				LOCALIZATION_PREFERS_STRING_CATALOGS = YES;
				MTL_ENABLE_DEBUG_INFO = NO;
				MTL_FAST_MATH = YES;
				SDKROOT = iphoneos;
				SWIFT_COMPILATION_MODE = wholemodule;
				VALIDATE_PRODUCT = YES;
			};
			name = Release;
		};
		14844FDE2CFED026002CCBFE /* Debug */ = {
			isa = XCBuildConfiguration;
			buildSettings = {
				BUNDLE_LOADER = "$(TEST_HOST)";
				CODE_SIGN_STYLE = Automatic;
				CURRENT_PROJECT_VERSION = 1;
				DEVELOPMENT_TEAM = 362WZ4F2B3;
				GENERATE_INFOPLIST_FILE = YES;
				IPHONEOS_DEPLOYMENT_TARGET = 18.1;
				MARKETING_VERSION = 1.0;
				PRODUCT_BUNDLE_IDENTIFIER = DK.MyFirstAnimationTests;
				PRODUCT_NAME = "$(TARGET_NAME)";
				SWIFT_EMIT_LOC_STRINGS = NO;
				SWIFT_VERSION = 5.0;
				TARGETED_DEVICE_FAMILY = "1,2";
				TEST_HOST = "$(BUILT_PRODUCTS_DIR)/MyFirstAnimation.app/$(BUNDLE_EXECUTABLE_FOLDER_PATH)/MyFirstAnimation";
			};
			name = Debug;
		};
		14844FDF2CFED026002CCBFE /* Release */ = {
			isa = XCBuildConfiguration;
			buildSettings = {
				BUNDLE_LOADER = "$(TEST_HOST)";
				CODE_SIGN_STYLE = Automatic;
				CURRENT_PROJECT_VERSION = 1;
				DEVELOPMENT_TEAM = 362WZ4F2B3;
				GENERATE_INFOPLIST_FILE = YES;
				IPHONEOS_DEPLOYMENT_TARGET = 18.1;
				MARKETING_VERSION = 1.0;
				PRODUCT_BUNDLE_IDENTIFIER = DK.MyFirstAnimationTests;
				PRODUCT_NAME = "$(TARGET_NAME)";
				SWIFT_EMIT_LOC_STRINGS = NO;
				SWIFT_VERSION = 5.0;
				TARGETED_DEVICE_FAMILY = "1,2";
				TEST_HOST = "$(BUILT_PRODUCTS_DIR)/MyFirstAnimation.app/$(BUNDLE_EXECUTABLE_FOLDER_PATH)/MyFirstAnimation";
			};
			name = Release;
		};
		14844FE12CFED026002CCBFE /* Debug */ = {
			isa = XCBuildConfiguration;
			buildSettings = {
				CODE_SIGN_STYLE = Automatic;
				CURRENT_PROJECT_VERSION = 1;
				DEVELOPMENT_TEAM = 362WZ4F2B3;
				GENERATE_INFOPLIST_FILE = YES;
				MARKETING_VERSION = 1.0;
				PRODUCT_BUNDLE_IDENTIFIER = DK.MyFirstAnimationUITests;
				PRODUCT_NAME = "$(TARGET_NAME)";
				SWIFT_EMIT_LOC_STRINGS = NO;
				SWIFT_VERSION = 5.0;
				TARGETED_DEVICE_FAMILY = "1,2";
				TEST_TARGET_NAME = MyFirstAnimation;
			};
			name = Debug;
		};
		14844FE22CFED026002CCBFE /* Release */ = {
			isa = XCBuildConfiguration;
			buildSettings = {
				CODE_SIGN_STYLE = Automatic;
				CURRENT_PROJECT_VERSION = 1;
				DEVELOPMENT_TEAM = 362WZ4F2B3;
				GENERATE_INFOPLIST_FILE = YES;
				MARKETING_VERSION = 1.0;
				PRODUCT_BUNDLE_IDENTIFIER = DK.MyFirstAnimationUITests;
				PRODUCT_NAME = "$(TARGET_NAME)";
				SWIFT_EMIT_LOC_STRINGS = NO;
				SWIFT_VERSION = 5.0;
				TARGETED_DEVICE_FAMILY = "1,2";
				TEST_TARGET_NAME = MyFirstAnimation;
			};
			name = Release;
		};
/* End XCBuildConfiguration section */

/* Begin XCConfigurationList section */
		14844FAA2CFED023002CCBFE /* Build configuration list for PBXProject "MyFirstAnimation" */ = {
			isa = XCConfigurationList;
			buildConfigurations = (
				14844FDB2CFED026002CCBFE /* Debug */,
				14844FDC2CFED026002CCBFE /* Release */,
			);
			defaultConfigurationIsVisible = 0;
			defaultConfigurationName = Release;
		};
		14844FD82CFED026002CCBFE /* Build configuration list for PBXNativeTarget "MyFirstAnimation" */ = {
			isa = XCConfigurationList;
			buildConfigurations = (
				14844FD92CFED026002CCBFE /* Debug */,
				14844FDA2CFED026002CCBFE /* Release */,
			);
			defaultConfigurationIsVisible = 0;
			defaultConfigurationName = Release;
		};
		14844FDD2CFED026002CCBFE /* Build configuration list for PBXNativeTarget "MyFirstAnimationTests" */ = {
			isa = XCConfigurationList;
			buildConfigurations = (
				14844FDE2CFED026002CCBFE /* Debug */,
				14844FDF2CFED026002CCBFE /* Release */,
			);
			defaultConfigurationIsVisible = 0;
			defaultConfigurationName = Release;
		};
		14844FE02CFED026002CCBFE /* Build configuration list for PBXNativeTarget "MyFirstAnimationUITests" */ = {
			isa = XCConfigurationList;
			buildConfigurations = (
				14844FE12CFED026002CCBFE /* Debug */,
				14844FE22CFED026002CCBFE /* Release */,
			);
			defaultConfigurationIsVisible = 0;
			defaultConfigurationName = Release;
		};
/* End XCConfigurationList section */
	};
	rootObject = 14844FA72CFED023002CCBFE /* Project object */;
}
