// !$*UTF8*$!
{
	archiveVersion = 1;
	classes = {
	};
	objectVersion = 77;
	objects = {

/* Begin PBXContainerItemProxy section */
		146A1FE32CF321D9001B9FC2 /* PBXContainerItemProxy */ = {
			isa = PBXContainerItemProxy;
			containerPortal = 146A1FC42CF321D7001B9FC2 /* Project object */;
			proxyType = 1;
			remoteGlobalIDString = 146A1FCB2CF321D7001B9FC2;
			remoteInfo = MyFirstLogin;
		};
		146A1FED2CF321D9001B9FC2 /* PBXContainerItemProxy */ = {
			isa = PBXContainerItemProxy;
			containerPortal = 146A1FC42CF321D7001B9FC2 /* Project object */;
			proxyType = 1;
			remoteGlobalIDString = 146A1FCB2CF321D7001B9FC2;
			remoteInfo = MyFirstLogin;
		};
/* End PBXContainerItemProxy section */

/* Begin PBXFileReference section */
		146A1FCC2CF321D7001B9FC2 /* MyFirstLogin.app */ = {isa = PBXFileReference; explicitFileType = wrapper.application; includeInIndex = 0; path = MyFirstLogin.app; sourceTree = BUILT_PRODUCTS_DIR; };
		146A1FE22CF321D9001B9FC2 /* MyFirstLoginTests.xctest */ = {isa = PBXFileReference; explicitFileType = wrapper.cfbundle; includeInIndex = 0; path = MyFirstLoginTests.xctest; sourceTree = BUILT_PRODUCTS_DIR; };
		146A1FEC2CF321D9001B9FC2 /* MyFirstLoginUITests.xctest */ = {isa = PBXFileReference; explicitFileType = wrapper.cfbundle; includeInIndex = 0; path = MyFirstLoginUITests.xctest; sourceTree = BUILT_PRODUCTS_DIR; };
/* End PBXFileReference section */

/* Begin PBXFileSystemSynchronizedBuildFileExceptionSet section */
		146A1FF42CF321D9001B9FC2 /* Exceptions for "MyFirstLogin" folder in "MyFirstLogin" target */ = {
			isa = PBXFileSystemSynchronizedBuildFileExceptionSet;
			membershipExceptions = (
				Info.plist,
			);
			target = 146A1FCB2CF321D7001B9FC2 /* MyFirstLogin */;
		};
/* End PBXFileSystemSynchronizedBuildFileExceptionSet section */

/* Begin PBXFileSystemSynchronizedRootGroup section */
		146A1FCE2CF321D7001B9FC2 /* MyFirstLogin */ = {
			isa = PBXFileSystemSynchronizedRootGroup;
			exceptions = (
				146A1FF42CF321D9001B9FC2 /* Exceptions for "MyFirstLogin" folder in "MyFirstLogin" target */,
			);
			path = MyFirstLogin;
			sourceTree = "<group>";
		};
		146A1FE52CF321D9001B9FC2 /* MyFirstLoginTests */ = {
			isa = PBXFileSystemSynchronizedRootGroup;
			path = MyFirstLoginTests;
			sourceTree = "<group>";
		};
		146A1FEF2CF321D9001B9FC2 /* MyFirstLoginUITests */ = {
			isa = PBXFileSystemSynchronizedRootGroup;
			path = MyFirstLoginUITests;
			sourceTree = "<group>";
		};
/* End PBXFileSystemSynchronizedRootGroup section */

/* Begin PBXFrameworksBuildPhase section */
		146A1FC92CF321D7001B9FC2 /* Frameworks */ = {
			isa = PBXFrameworksBuildPhase;
			buildActionMask = 2147483647;
			files = (
			);
			runOnlyForDeploymentPostprocessing = 0;
		};
		146A1FDF2CF321D9001B9FC2 /* Frameworks */ = {
			isa = PBXFrameworksBuildPhase;
			buildActionMask = 2147483647;
			files = (
			);
			runOnlyForDeploymentPostprocessing = 0;
		};
		146A1FE92CF321D9001B9FC2 /* Frameworks */ = {
			isa = PBXFrameworksBuildPhase;
			buildActionMask = 2147483647;
			files = (
			);
			runOnlyForDeploymentPostprocessing = 0;
		};
/* End PBXFrameworksBuildPhase section */

/* Begin PBXGroup section */
		146A1FC32CF321D7001B9FC2 = {
			isa = PBXGroup;
			children = (
				146A1FCE2CF321D7001B9FC2 /* MyFirstLogin */,
				146A1FE52CF321D9001B9FC2 /* MyFirstLoginTests */,
				146A1FEF2CF321D9001B9FC2 /* MyFirstLoginUITests */,
				146A1FCD2CF321D7001B9FC2 /* Products */,
			);
			sourceTree = "<group>";
		};
		146A1FCD2CF321D7001B9FC2 /* Products */ = {
			isa = PBXGroup;
			children = (
				146A1FCC2CF321D7001B9FC2 /* MyFirstLogin.app */,
				146A1FE22CF321D9001B9FC2 /* MyFirstLoginTests.xctest */,
				146A1FEC2CF321D9001B9FC2 /* MyFirstLoginUITests.xctest */,
			);
			name = Products;
			sourceTree = "<group>";
		};
/* End PBXGroup section */

/* Begin PBXNativeTarget section */
		146A1FCB2CF321D7001B9FC2 /* MyFirstLogin */ = {
			isa = PBXNativeTarget;
			buildConfigurationList = 146A1FF52CF321D9001B9FC2 /* Build configuration list for PBXNativeTarget "MyFirstLogin" */;
			buildPhases = (
				146A1FC82CF321D7001B9FC2 /* Sources */,
				146A1FC92CF321D7001B9FC2 /* Frameworks */,
				146A1FCA2CF321D7001B9FC2 /* Resources */,
			);
			buildRules = (
			);
			dependencies = (
			);
			fileSystemSynchronizedGroups = (
				146A1FCE2CF321D7001B9FC2 /* MyFirstLogin */,
			);
			name = MyFirstLogin;
			packageProductDependencies = (
			);
			productName = MyFirstLogin;
			productReference = 146A1FCC2CF321D7001B9FC2 /* MyFirstLogin.app */;
			productType = "com.apple.product-type.application";
		};
		146A1FE12CF321D9001B9FC2 /* MyFirstLoginTests */ = {
			isa = PBXNativeTarget;
			buildConfigurationList = 146A1FFA2CF321D9001B9FC2 /* Build configuration list for PBXNativeTarget "MyFirstLoginTests" */;
			buildPhases = (
				146A1FDE2CF321D9001B9FC2 /* Sources */,
				146A1FDF2CF321D9001B9FC2 /* Frameworks */,
				146A1FE02CF321D9001B9FC2 /* Resources */,
			);
			buildRules = (
			);
			dependencies = (
				146A1FE42CF321D9001B9FC2 /* PBXTargetDependency */,
			);
			fileSystemSynchronizedGroups = (
				146A1FE52CF321D9001B9FC2 /* MyFirstLoginTests */,
			);
			name = MyFirstLoginTests;
			packageProductDependencies = (
			);
			productName = MyFirstLoginTests;
			productReference = 146A1FE22CF321D9001B9FC2 /* MyFirstLoginTests.xctest */;
			productType = "com.apple.product-type.bundle.unit-test";
		};
		146A1FEB2CF321D9001B9FC2 /* MyFirstLoginUITests */ = {
			isa = PBXNativeTarget;
			buildConfigurationList = 146A1FFD2CF321D9001B9FC2 /* Build configuration list for PBXNativeTarget "MyFirstLoginUITests" */;
			buildPhases = (
				146A1FE82CF321D9001B9FC2 /* Sources */,
				146A1FE92CF321D9001B9FC2 /* Frameworks */,
				146A1FEA2CF321D9001B9FC2 /* Resources */,
			);
			buildRules = (
			);
			dependencies = (
				146A1FEE2CF321D9001B9FC2 /* PBXTargetDependency */,
			);
			fileSystemSynchronizedGroups = (
				146A1FEF2CF321D9001B9FC2 /* MyFirstLoginUITests */,
			);
			name = MyFirstLoginUITests;
			packageProductDependencies = (
			);
			productName = MyFirstLoginUITests;
			productReference = 146A1FEC2CF321D9001B9FC2 /* MyFirstLoginUITests.xctest */;
			productType = "com.apple.product-type.bundle.ui-testing";
		};
/* End PBXNativeTarget section */

/* Begin PBXProject section */
		146A1FC42CF321D7001B9FC2 /* Project object */ = {
			isa = PBXProject;
			attributes = {
				BuildIndependentTargetsInParallel = 1;
				LastSwiftUpdateCheck = 1610;
				LastUpgradeCheck = 1610;
				TargetAttributes = {
					146A1FCB2CF321D7001B9FC2 = {
						CreatedOnToolsVersion = 16.1;
					};
					146A1FE12CF321D9001B9FC2 = {
						CreatedOnToolsVersion = 16.1;
						TestTargetID = 146A1FCB2CF321D7001B9FC2;
					};
					146A1FEB2CF321D9001B9FC2 = {
						CreatedOnToolsVersion = 16.1;
						TestTargetID = 146A1FCB2CF321D7001B9FC2;
					};
				};
			};
			buildConfigurationList = 146A1FC72CF321D7001B9FC2 /* Build configuration list for PBXProject "MyFirstLogin" */;
			developmentRegion = en;
			hasScannedForEncodings = 0;
			knownRegions = (
				en,
				Base,
			);
			mainGroup = 146A1FC32CF321D7001B9FC2;
			minimizedProjectReferenceProxies = 1;
			preferredProjectObjectVersion = 77;
			productRefGroup = 146A1FCD2CF321D7001B9FC2 /* Products */;
			projectDirPath = "";
			projectRoot = "";
			targets = (
				146A1FCB2CF321D7001B9FC2 /* MyFirstLogin */,
				146A1FE12CF321D9001B9FC2 /* MyFirstLoginTests */,
				146A1FEB2CF321D9001B9FC2 /* MyFirstLoginUITests */,
			);
		};
/* End PBXProject section */

/* Begin PBXResourcesBuildPhase section */
		146A1FCA2CF321D7001B9FC2 /* Resources */ = {
			isa = PBXResourcesBuildPhase;
			buildActionMask = 2147483647;
			files = (
			);
			runOnlyForDeploymentPostprocessing = 0;
		};
		146A1FE02CF321D9001B9FC2 /* Resources */ = {
			isa = PBXResourcesBuildPhase;
			buildActionMask = 2147483647;
			files = (
			);
			runOnlyForDeploymentPostprocessing = 0;
		};
		146A1FEA2CF321D9001B9FC2 /* Resources */ = {
			isa = PBXResourcesBuildPhase;
			buildActionMask = 2147483647;
			files = (
			);
			runOnlyForDeploymentPostprocessing = 0;
		};
/* End PBXResourcesBuildPhase section */

/* Begin PBXSourcesBuildPhase section */
		146A1FC82CF321D7001B9FC2 /* Sources */ = {
			isa = PBXSourcesBuildPhase;
			buildActionMask = 2147483647;
			files = (
			);
			runOnlyForDeploymentPostprocessing = 0;
		};
		146A1FDE2CF321D9001B9FC2 /* Sources */ = {
			isa = PBXSourcesBuildPhase;
			buildActionMask = 2147483647;
			files = (
			);
			runOnlyForDeploymentPostprocessing = 0;
		};
		146A1FE82CF321D9001B9FC2 /* Sources */ = {
			isa = PBXSourcesBuildPhase;
			buildActionMask = 2147483647;
			files = (
			);
			runOnlyForDeploymentPostprocessing = 0;
		};
/* End PBXSourcesBuildPhase section */

/* Begin PBXTargetDependency section */
		146A1FE42CF321D9001B9FC2 /* PBXTargetDependency */ = {
			isa = PBXTargetDependency;
			target = 146A1FCB2CF321D7001B9FC2 /* MyFirstLogin */;
			targetProxy = 146A1FE32CF321D9001B9FC2 /* PBXContainerItemProxy */;
		};
		146A1FEE2CF321D9001B9FC2 /* PBXTargetDependency */ = {
			isa = PBXTargetDependency;
			target = 146A1FCB2CF321D7001B9FC2 /* MyFirstLogin */;
			targetProxy = 146A1FED2CF321D9001B9FC2 /* PBXContainerItemProxy */;
		};
/* End PBXTargetDependency section */

/* Begin XCBuildConfiguration section */
		146A1FF62CF321D9001B9FC2 /* Debug */ = {
			isa = XCBuildConfiguration;
			buildSettings = {
				ASSETCATALOG_COMPILER_APPICON_NAME = AppIcon;
				ASSETCATALOG_COMPILER_GLOBAL_ACCENT_COLOR_NAME = AccentColor;
				CODE_SIGN_STYLE = Automatic;
				CURRENT_PROJECT_VERSION = 1;
				DEVELOPMENT_TEAM = 362WZ4F2B3;
				GENERATE_INFOPLIST_FILE = YES;
				INFOPLIST_FILE = MyFirstLogin/Info.plist;
				INFOPLIST_KEY_UIApplicationSupportsIndirectInputEvents = YES;
				INFOPLIST_KEY_UILaunchStoryboardName = LaunchScreen;
				INFOPLIST_KEY_UIMainStoryboardFile = Main;
				INFOPLIST_KEY_UISupportedInterfaceOrientations_iPad = "UIInterfaceOrientationPortrait UIInterfaceOrientationPortraitUpsideDown UIInterfaceOrientationLandscapeLeft UIInterfaceOrientationLandscapeRight";
				INFOPLIST_KEY_UISupportedInterfaceOrientations_iPhone = "UIInterfaceOrientationPortrait UIInterfaceOrientationLandscapeLeft UIInterfaceOrientationLandscapeRight";
				LD_RUNPATH_SEARCH_PATHS = (
					"$(inherited)",
					"@executable_path/Frameworks",
				);
				MARKETING_VERSION = 1.0;
				PRODUCT_BUNDLE_IDENTIFIER = DK.MyFirstLogin;
				PRODUCT_NAME = "$(TARGET_NAME)";
				SWIFT_EMIT_LOC_STRINGS = YES;
				SWIFT_VERSION = 5.0;
				TARGETED_DEVICE_FAMILY = "1,2";
			};
			name = Debug;
		};
		146A1FF72CF321D9001B9FC2 /* Release */ = {
			isa = XCBuildConfiguration;
			buildSettings = {
				ASSETCATALOG_COMPILER_APPICON_NAME = AppIcon;
				ASSETCATALOG_COMPILER_GLOBAL_ACCENT_COLOR_NAME = AccentColor;
				CODE_SIGN_STYLE = Automatic;
				CURRENT_PROJECT_VERSION = 1;
				DEVELOPMENT_TEAM = 362WZ4F2B3;
				GENERATE_INFOPLIST_FILE = YES;
				INFOPLIST_FILE = MyFirstLogin/Info.plist;
				INFOPLIST_KEY_UIApplicationSupportsIndirectInputEvents = YES;
				INFOPLIST_KEY_UILaunchStoryboardName = LaunchScreen;
				INFOPLIST_KEY_UIMainStoryboardFile = Main;
				INFOPLIST_KEY_UISupportedInterfaceOrientations_iPad = "UIInterfaceOrientationPortrait UIInterfaceOrientationPortraitUpsideDown UIInterfaceOrientationLandscapeLeft UIInterfaceOrientationLandscapeRight";
				INFOPLIST_KEY_UISupportedInterfaceOrientations_iPhone = "UIInterfaceOrientationPortrait UIInterfaceOrientationLandscapeLeft UIInterfaceOrientationLandscapeRight";
				LD_RUNPATH_SEARCH_PATHS = (
					"$(inherited)",
					"@executable_path/Frameworks",
				);
				MARKETING_VERSION = 1.0;
				PRODUCT_BUNDLE_IDENTIFIER = DK.MyFirstLogin;
				PRODUCT_NAME = "$(TARGET_NAME)";
				SWIFT_EMIT_LOC_STRINGS = YES;
				SWIFT_VERSION = 5.0;
				TARGETED_DEVICE_FAMILY = "1,2";
			};
			name = Release;
		};
		146A1FF82CF321D9001B9FC2 /* Debug */ = {
			isa = XCBuildConfiguration;
			buildSettings = {
				ALWAYS_SEARCH_USER_PATHS = NO;
				ASSETCATALOG_COMPILER_GENERATE_SWIFT_ASSET_SYMBOL_EXTENSIONS = YES;
				CLANG_ANALYZER_NONNULL = YES;
				CLANG_ANALYZER_NUMBER_OBJECT_CONVERSION = YES_AGGRESSIVE;
				CLANG_CXX_LANGUAGE_STANDARD = "gnu++20";
				CLANG_ENABLE_MODULES = YES;
				CLANG_ENABLE_OBJC_ARC = YES;
				CLANG_ENABLE_OBJC_WEAK = YES;
				CLANG_WARN_BLOCK_CAPTURE_AUTORELEASING = YES;
				CLANG_WARN_BOOL_CONVERSION = YES;
				CLANG_WARN_COMMA = YES;
				CLANG_WARN_CONSTANT_CONVERSION = YES;
				CLANG_WARN_DEPRECATED_OBJC_IMPLEMENTATIONS = YES;
				CLANG_WARN_DIRECT_OBJC_ISA_USAGE = YES_ERROR;
				CLANG_WARN_DOCUMENTATION_COMMENTS = YES;
				CLANG_WARN_EMPTY_BODY = YES;
				CLANG_WARN_ENUM_CONVERSION = YES;
				CLANG_WARN_INFINITE_RECURSION = YES;
				CLANG_WARN_INT_CONVERSION = YES;
				CLANG_WARN_NON_LITERAL_NULL_CONVERSION = YES;
				CLANG_WARN_OBJC_IMPLICIT_RETAIN_SELF = YES;
				CLANG_WARN_OBJC_LITERAL_CONVERSION = YES;
				CLANG_WARN_OBJC_ROOT_CLASS = YES_ERROR;
				CLANG_WARN_QUOTED_INCLUDE_IN_FRAMEWORK_HEADER = YES;
				CLANG_WARN_RANGE_LOOP_ANALYSIS = YES;
				CLANG_WARN_STRICT_PROTOTYPES = YES;
				CLANG_WARN_SUSPICIOUS_MOVE = YES;
				CLANG_WARN_UNGUARDED_AVAILABILITY = YES_AGGRESSIVE;
				CLANG_WARN_UNREACHABLE_CODE = YES;
				CLANG_WARN__DUPLICATE_METHOD_MATCH = YES;
				COPY_PHASE_STRIP = NO;
				DEBUG_INFORMATION_FORMAT = dwarf;
				ENABLE_STRICT_OBJC_MSGSEND = YES;
				ENABLE_TESTABILITY = YES;
				ENABLE_USER_SCRIPT_SANDBOXING = YES;
				GCC_C_LANGUAGE_STANDARD = gnu17;
				GCC_DYNAMIC_NO_PIC = NO;
				GCC_NO_COMMON_BLOCKS = YES;
				GCC_OPTIMIZATION_LEVEL = 0;
				GCC_PREPROCESSOR_DEFINITIONS = (
					"DEBUG=1",
					"$(inherited)",
				);
				GCC_WARN_64_TO_32_BIT_CONVERSION = YES;
				GCC_WARN_ABOUT_RETURN_TYPE = YES_ERROR;
				GCC_WARN_UNDECLARED_SELECTOR = YES;
				GCC_WARN_UNINITIALIZED_AUTOS = YES_AGGRESSIVE;
				GCC_WARN_UNUSED_FUNCTION = YES;
				GCC_WARN_UNUSED_VARIABLE = YES;
				IPHONEOS_DEPLOYMENT_TARGET = 18.1;
				LOCALIZATION_PREFERS_STRING_CATALOGS = YES;
				MTL_ENABLE_DEBUG_INFO = INCLUDE_SOURCE;
				MTL_FAST_MATH = YES;
				ONLY_ACTIVE_ARCH = YES;
				SDKROOT = iphoneos;
				SWIFT_ACTIVE_COMPILATION_CONDITIONS = "DEBUG $(inherited)";
				SWIFT_OPTIMIZATION_LEVEL = "-Onone";
			};
			name = Debug;
		};
		146A1FF92CF321D9001B9FC2 /* Release */ = {
			isa = XCBuildConfiguration;
			buildSettings = {
				ALWAYS_SEARCH_USER_PATHS = NO;
				ASSETCATALOG_COMPILER_GENERATE_SWIFT_ASSET_SYMBOL_EXTENSIONS = YES;
				CLANG_ANALYZER_NONNULL = YES;
				CLANG_ANALYZER_NUMBER_OBJECT_CONVERSION = YES_AGGRESSIVE;
				CLANG_CXX_LANGUAGE_STANDARD = "gnu++20";
				CLANG_ENABLE_MODULES = YES;
				CLANG_ENABLE_OBJC_ARC = YES;
				CLANG_ENABLE_OBJC_WEAK = YES;
				CLANG_WARN_BLOCK_CAPTURE_AUTORELEASING = YES;
				CLANG_WARN_BOOL_CONVERSION = YES;
				CLANG_WARN_COMMA = YES;
				CLANG_WARN_CONSTANT_CONVERSION = YES;
				CLANG_WARN_DEPRECATED_OBJC_IMPLEMENTATIONS = YES;
				CLANG_WARN_DIRECT_OBJC_ISA_USAGE = YES_ERROR;
				CLANG_WARN_DOCUMENTATION_COMMENTS = YES;
				CLANG_WARN_EMPTY_BODY = YES;
				CLANG_WARN_ENUM_CONVERSION = YES;
				CLANG_WARN_INFINITE_RECURSION = YES;
				CLANG_WARN_INT_CONVERSION = YES;
				CLANG_WARN_NON_LITERAL_NULL_CONVERSION = YES;
				CLANG_WARN_OBJC_IMPLICIT_RETAIN_SELF = YES;
				CLANG_WARN_OBJC_LITERAL_CONVERSION = YES;
				CLANG_WARN_OBJC_ROOT_CLASS = YES_ERROR;
				CLANG_WARN_QUOTED_INCLUDE_IN_FRAMEWORK_HEADER = YES;
				CLANG_WARN_RANGE_LOOP_ANALYSIS = YES;
				CLANG_WARN_STRICT_PROTOTYPES = YES;
				CLANG_WARN_SUSPICIOUS_MOVE = YES;
				CLANG_WARN_UNGUARDED_AVAILABILITY = YES_AGGRESSIVE;
				CLANG_WARN_UNREACHABLE_CODE = YES;
				CLANG_WARN__DUPLICATE_METHOD_MATCH = YES;
				COPY_PHASE_STRIP = NO;
				DEBUG_INFORMATION_FORMAT = "dwarf-with-dsym";
				ENABLE_NS_ASSERTIONS = NO;
				ENABLE_STRICT_OBJC_MSGSEND = YES;
				ENABLE_USER_SCRIPT_SANDBOXING = YES;
				GCC_C_LANGUAGE_STANDARD = gnu17;
				GCC_NO_COMMON_BLOCKS = YES;
				GCC_WARN_64_TO_32_BIT_CONVERSION = YES;
				GCC_WARN_ABOUT_RETURN_TYPE = YES_ERROR;
				GCC_WARN_UNDECLARED_SELECTOR = YES;
				GCC_WARN_UNINITIALIZED_AUTOS = YES_AGGRESSIVE;
				GCC_WARN_UNUSED_FUNCTION = YES;
				GCC_WARN_UNUSED_VARIABLE = YES;
				IPHONEOS_DEPLOYMENT_TARGET = 18.1;
				LOCALIZATION_PREFERS_STRING_CATALOGS = YES;
				MTL_ENABLE_DEBUG_INFO = NO;
				MTL_FAST_MATH = YES;
				SDKROOT = iphoneos;
				SWIFT_COMPILATION_MODE = wholemodule;
				VALIDATE_PRODUCT = YES;
			};
			name = Release;
		};
		146A1FFB2CF321D9001B9FC2 /* Debug */ = {
			isa = XCBuildConfiguration;
			buildSettings = {
				BUNDLE_LOADER = "$(TEST_HOST)";
				CODE_SIGN_STYLE = Automatic;
				CURRENT_PROJECT_VERSION = 1;
				DEVELOPMENT_TEAM = 362WZ4F2B3;
				GENERATE_INFOPLIST_FILE = YES;
				IPHONEOS_DEPLOYMENT_TARGET = 18.1;
				MARKETING_VERSION = 1.0;
				PRODUCT_BUNDLE_IDENTIFIER = DK.MyFirstLoginTests;
				PRODUCT_NAME = "$(TARGET_NAME)";
				SWIFT_EMIT_LOC_STRINGS = NO;
				SWIFT_VERSION = 5.0;
				TARGETED_DEVICE_FAMILY = "1,2";
				TEST_HOST = "$(BUILT_PRODUCTS_DIR)/MyFirstLogin.app/$(BUNDLE_EXECUTABLE_FOLDER_PATH)/MyFirstLogin";
			};
			name = Debug;
		};
		146A1FFC2CF321D9001B9FC2 /* Release */ = {
			isa = XCBuildConfiguration;
			buildSettings = {
				BUNDLE_LOADER = "$(TEST_HOST)";
				CODE_SIGN_STYLE = Automatic;
				CURRENT_PROJECT_VERSION = 1;
				DEVELOPMENT_TEAM = 362WZ4F2B3;
				GENERATE_INFOPLIST_FILE = YES;
				IPHONEOS_DEPLOYMENT_TARGET = 18.1;
				MARKETING_VERSION = 1.0;
				PRODUCT_BUNDLE_IDENTIFIER = DK.MyFirstLoginTests;
				PRODUCT_NAME = "$(TARGET_NAME)";
				SWIFT_EMIT_LOC_STRINGS = NO;
				SWIFT_VERSION = 5.0;
				TARGETED_DEVICE_FAMILY = "1,2";
				TEST_HOST = "$(BUILT_PRODUCTS_DIR)/MyFirstLogin.app/$(BUNDLE_EXECUTABLE_FOLDER_PATH)/MyFirstLogin";
			};
			name = Release;
		};
		146A1FFE2CF321D9001B9FC2 /* Debug */ = {
			isa = XCBuildConfiguration;
			buildSettings = {
				CODE_SIGN_STYLE = Automatic;
				CURRENT_PROJECT_VERSION = 1;
				DEVELOPMENT_TEAM = 362WZ4F2B3;
				GENERATE_INFOPLIST_FILE = YES;
				MARKETING_VERSION = 1.0;
				PRODUCT_BUNDLE_IDENTIFIER = DK.MyFirstLoginUITests;
				PRODUCT_NAME = "$(TARGET_NAME)";
				SWIFT_EMIT_LOC_STRINGS = NO;
				SWIFT_VERSION = 5.0;
				TARGETED_DEVICE_FAMILY = "1,2";
				TEST_TARGET_NAME = MyFirstLogin;
			};
			name = Debug;
		};
		146A1FFF2CF321D9001B9FC2 /* Release */ = {
			isa = XCBuildConfiguration;
			buildSettings = {
				CODE_SIGN_STYLE = Automatic;
				CURRENT_PROJECT_VERSION = 1;
				DEVELOPMENT_TEAM = 362WZ4F2B3;
				GENERATE_INFOPLIST_FILE = YES;
				MARKETING_VERSION = 1.0;
				PRODUCT_BUNDLE_IDENTIFIER = DK.MyFirstLoginUITests;
				PRODUCT_NAME = "$(TARGET_NAME)";
				SWIFT_EMIT_LOC_STRINGS = NO;
				SWIFT_VERSION = 5.0;
				TARGETED_DEVICE_FAMILY = "1,2";
				TEST_TARGET_NAME = MyFirstLogin;
			};
			name = Release;
		};
/* End XCBuildConfiguration section */

/* Begin XCConfigurationList section */
		146A1FC72CF321D7001B9FC2 /* Build configuration list for PBXProject "MyFirstLogin" */ = {
			isa = XCConfigurationList;
			buildConfigurations = (
				146A1FF82CF321D9001B9FC2 /* Debug */,
				146A1FF92CF321D9001B9FC2 /* Release */,
			);
			defaultConfigurationIsVisible = 0;
			defaultConfigurationName = Release;
		};
		146A1FF52CF321D9001B9FC2 /* Build configuration list for PBXNativeTarget "MyFirstLogin" */ = {
			isa = XCConfigurationList;
			buildConfigurations = (
				146A1FF62CF321D9001B9FC2 /* Debug */,
				146A1FF72CF321D9001B9FC2 /* Release */,
			);
			defaultConfigurationIsVisible = 0;
			defaultConfigurationName = Release;
		};
		146A1FFA2CF321D9001B9FC2 /* Build configuration list for PBXNativeTarget "MyFirstLoginTests" */ = {
			isa = XCConfigurationList;
			buildConfigurations = (
				146A1FFB2CF321D9001B9FC2 /* Debug */,
				146A1FFC2CF321D9001B9FC2 /* Release */,
			);
			defaultConfigurationIsVisible = 0;
			defaultConfigurationName = Release;
		};
		146A1FFD2CF321D9001B9FC2 /* Build configuration list for PBXNativeTarget "MyFirstLoginUITests" */ = {
			isa = XCConfigurationList;
			buildConfigurations = (
				146A1FFE2CF321D9001B9FC2 /* Debug */,
				146A1FFF2CF321D9001B9FC2 /* Release */,
			);
			defaultConfigurationIsVisible = 0;
			defaultConfigurationName = Release;
		};
/* End XCConfigurationList section */
	};
	rootObject = 146A1FC42CF321D7001B9FC2 /* Project object */;
}
